// !$*UTF8*$!
{
	archiveVersion = 1;
	classes = {
	};
	objectVersion = 46;
	objects = {

/* Begin PBXBuildFile section */
		8E14008C14B7CCC4008A430A /* Back-Face.png in Resources */ = {isa = PBXBuildFile; fileRef = 8E14008A14B7CCC4008A430A /* Back-Face.png */; };
		8E14008D14B7CCC4008A430A /* Back-Face@2x.png in Resources */ = {isa = PBXBuildFile; fileRef = 8E14008B14B7CCC4008A430A /* Back-Face@2x.png */; };
		8E2027C114B0FBA400185E98 /* About_Tap.png in Resources */ = {isa = PBXBuildFile; fileRef = 8E20278214B0FBA200185E98 /* About_Tap.png */; };
		8E2027C214B0FBA400185E98 /* About_Tap@2x.png in Resources */ = {isa = PBXBuildFile; fileRef = 8E20278314B0FBA200185E98 /* About_Tap@2x.png */; };
		8E2027C314B0FBA400185E98 /* About.jpg in Resources */ = {isa = PBXBuildFile; fileRef = 8E20278414B0FBA200185E98 /* About.jpg */; };
		8E2027C414B0FBA400185E98 /* About.png in Resources */ = {isa = PBXBuildFile; fileRef = 8E20278514B0FBA200185E98 /* About.png */; };
		8E2027C514B0FBA400185E98 /* About@2x.jpg in Resources */ = {isa = PBXBuildFile; fileRef = 8E20278614B0FBA200185E98 /* About@2x.jpg */; };
		8E2027C614B0FBA400185E98 /* About@2x.png in Resources */ = {isa = PBXBuildFile; fileRef = 8E20278714B0FBA200185E98 /* About@2x.png */; };
		8E2027C714B0FBA400185E98 /* mouth0.png in Resources */ = {isa = PBXBuildFile; fileRef = 8E20278914B0FBA200185E98 /* mouth0.png */; };
		8E2027C814B0FBA400185E98 /* mouth0@2x.png in Resources */ = {isa = PBXBuildFile; fileRef = 8E20278A14B0FBA200185E98 /* mouth0@2x.png */; };
		8E2027C914B0FBA400185E98 /* mouth1.png in Resources */ = {isa = PBXBuildFile; fileRef = 8E20278B14B0FBA200185E98 /* mouth1.png */; };
		8E2027CA14B0FBA400185E98 /* mouth10.png in Resources */ = {isa = PBXBuildFile; fileRef = 8E20278C14B0FBA200185E98 /* mouth10.png */; };
		8E2027CB14B0FBA400185E98 /* mouth10@2x.png in Resources */ = {isa = PBXBuildFile; fileRef = 8E20278D14B0FBA200185E98 /* mouth10@2x.png */; };
		8E2027CC14B0FBA400185E98 /* mouth11.png in Resources */ = {isa = PBXBuildFile; fileRef = 8E20278E14B0FBA200185E98 /* mouth11.png */; };
		8E2027CD14B0FBA400185E98 /* mouth11@2x.png in Resources */ = {isa = PBXBuildFile; fileRef = 8E20278F14B0FBA200185E98 /* mouth11@2x.png */; };
		8E2027CE14B0FBA400185E98 /* mouth12.png in Resources */ = {isa = PBXBuildFile; fileRef = 8E20279014B0FBA200185E98 /* mouth12.png */; };
		8E2027CF14B0FBA400185E98 /* mouth12@2x.png in Resources */ = {isa = PBXBuildFile; fileRef = 8E20279114B0FBA200185E98 /* mouth12@2x.png */; };
		8E2027D014B0FBA400185E98 /* mouth13.png in Resources */ = {isa = PBXBuildFile; fileRef = 8E20279214B0FBA200185E98 /* mouth13.png */; };
		8E2027D114B0FBA400185E98 /* mouth13@2x.png in Resources */ = {isa = PBXBuildFile; fileRef = 8E20279314B0FBA200185E98 /* mouth13@2x.png */; };
		8E2027D214B0FBA400185E98 /* mouth14.png in Resources */ = {isa = PBXBuildFile; fileRef = 8E20279414B0FBA200185E98 /* mouth14.png */; };
		8E2027D314B0FBA400185E98 /* mouth14@2x.png in Resources */ = {isa = PBXBuildFile; fileRef = 8E20279514B0FBA200185E98 /* mouth14@2x.png */; };
		8E2027D414B0FBA400185E98 /* mouth1@2x.png in Resources */ = {isa = PBXBuildFile; fileRef = 8E20279614B0FBA200185E98 /* mouth1@2x.png */; };
		8E2027D514B0FBA400185E98 /* mouth2.png in Resources */ = {isa = PBXBuildFile; fileRef = 8E20279714B0FBA200185E98 /* mouth2.png */; };
		8E2027D614B0FBA400185E98 /* mouth2@2x.png in Resources */ = {isa = PBXBuildFile; fileRef = 8E20279814B0FBA200185E98 /* mouth2@2x.png */; };
		8E2027D714B0FBA400185E98 /* mouth3.png in Resources */ = {isa = PBXBuildFile; fileRef = 8E20279914B0FBA200185E98 /* mouth3.png */; };
		8E2027D814B0FBA400185E98 /* mouth3@2x.png in Resources */ = {isa = PBXBuildFile; fileRef = 8E20279A14B0FBA200185E98 /* mouth3@2x.png */; };
		8E2027D914B0FBA400185E98 /* mouth4.png in Resources */ = {isa = PBXBuildFile; fileRef = 8E20279B14B0FBA200185E98 /* mouth4.png */; };
		8E2027DA14B0FBA400185E98 /* mouth4@2x.png in Resources */ = {isa = PBXBuildFile; fileRef = 8E20279C14B0FBA200185E98 /* mouth4@2x.png */; };
		8E2027DB14B0FBA400185E98 /* mouth5.png in Resources */ = {isa = PBXBuildFile; fileRef = 8E20279D14B0FBA200185E98 /* mouth5.png */; };
		8E2027DC14B0FBA400185E98 /* mouth5@2x.png in Resources */ = {isa = PBXBuildFile; fileRef = 8E20279E14B0FBA200185E98 /* mouth5@2x.png */; };
		8E2027DD14B0FBA400185E98 /* mouth6.png in Resources */ = {isa = PBXBuildFile; fileRef = 8E20279F14B0FBA200185E98 /* mouth6.png */; };
		8E2027DE14B0FBA400185E98 /* mouth6@2x.png in Resources */ = {isa = PBXBuildFile; fileRef = 8E2027A014B0FBA200185E98 /* mouth6@2x.png */; };
		8E2027DF14B0FBA400185E98 /* mouth7.png in Resources */ = {isa = PBXBuildFile; fileRef = 8E2027A114B0FBA200185E98 /* mouth7.png */; };
		8E2027E014B0FBA400185E98 /* mouth7@2x.png in Resources */ = {isa = PBXBuildFile; fileRef = 8E2027A214B0FBA200185E98 /* mouth7@2x.png */; };
		8E2027E114B0FBA400185E98 /* mouth8.png in Resources */ = {isa = PBXBuildFile; fileRef = 8E2027A314B0FBA200185E98 /* mouth8.png */; };
		8E2027E214B0FBA400185E98 /* mouth8@2x.png in Resources */ = {isa = PBXBuildFile; fileRef = 8E2027A414B0FBA200185E98 /* mouth8@2x.png */; };
		8E2027E314B0FBA400185E98 /* mouth9.png in Resources */ = {isa = PBXBuildFile; fileRef = 8E2027A514B0FBA200185E98 /* mouth9.png */; };
		8E2027E414B0FBA400185E98 /* mouth9@2x.png in Resources */ = {isa = PBXBuildFile; fileRef = 8E2027A614B0FBA200185E98 /* mouth9@2x.png */; };
		8E2027E514B0FBA400185E98 /* AppLogo_Tap.png in Resources */ = {isa = PBXBuildFile; fileRef = 8E2027A714B0FBA200185E98 /* AppLogo_Tap.png */; };
		8E2027E614B0FBA400185E98 /* AppLogo_Tap@2x.png in Resources */ = {isa = PBXBuildFile; fileRef = 8E2027A814B0FBA200185E98 /* AppLogo_Tap@2x.png */; };
		8E2027E714B0FBA400185E98 /* AppLogo.png in Resources */ = {isa = PBXBuildFile; fileRef = 8E2027A914B0FBA200185E98 /* AppLogo.png */; };
		8E2027E814B0FBA400185E98 /* AppLogo@2x.png in Resources */ = {isa = PBXBuildFile; fileRef = 8E2027AA14B0FBA300185E98 /* AppLogo@2x.png */; };
		8E2027E914B0FBA400185E98 /* Back_Tap.png in Resources */ = {isa = PBXBuildFile; fileRef = 8E2027AB14B0FBA300185E98 /* Back_Tap.png */; };
		8E2027EA14B0FBA400185E98 /* Back_Tap@2x.png in Resources */ = {isa = PBXBuildFile; fileRef = 8E2027AC14B0FBA300185E98 /* Back_Tap@2x.png */; };
		8E2027EB14B0FBA400185E98 /* Back.png in Resources */ = {isa = PBXBuildFile; fileRef = 8E2027AD14B0FBA300185E98 /* Back.png */; };
		8E2027EC14B0FBA400185E98 /* Back@2x.png in Resources */ = {isa = PBXBuildFile; fileRef = 8E2027AE14B0FBA300185E98 /* Back@2x.png */; };
		8E2027ED14B0FBA400185E98 /* BeefBrainLogo_Tap.png in Resources */ = {isa = PBXBuildFile; fileRef = 8E2027AF14B0FBA300185E98 /* BeefBrainLogo_Tap.png */; };
		8E2027EE14B0FBA400185E98 /* BeefBrainLogo_Tap@2x.png in Resources */ = {isa = PBXBuildFile; fileRef = 8E2027B014B0FBA300185E98 /* BeefBrainLogo_Tap@2x.png */; };
		8E2027EF14B0FBA400185E98 /* BeefBrainLogo.png in Resources */ = {isa = PBXBuildFile; fileRef = 8E2027B114B0FBA300185E98 /* BeefBrainLogo.png */; };
		8E2027F014B0FBA400185E98 /* BeefBrainLogo@2x.png in Resources */ = {isa = PBXBuildFile; fileRef = 8E2027B214B0FBA300185E98 /* BeefBrainLogo@2x.png */; };
		8E2027F114B0FBA400185E98 /* face.jpg in Resources */ = {isa = PBXBuildFile; fileRef = 8E2027B314B0FBA300185E98 /* face.jpg */; };
		8E2027F214B0FBA400185E98 /* face@2x.jpg in Resources */ = {isa = PBXBuildFile; fileRef = 8E2027B414B0FBA300185E98 /* face@2x.jpg */; };
		8E2027F314B0FBA400185E98 /* Go_Tap.png in Resources */ = {isa = PBXBuildFile; fileRef = 8E2027B514B0FBA300185E98 /* Go_Tap.png */; };
		8E2027F414B0FBA400185E98 /* Go_Tap@2x.png in Resources */ = {isa = PBXBuildFile; fileRef = 8E2027B614B0FBA300185E98 /* Go_Tap@2x.png */; };
		8E2027F514B0FBA400185E98 /* Go.png in Resources */ = {isa = PBXBuildFile; fileRef = 8E2027B714B0FBA300185E98 /* Go.png */; };
		8E2027F614B0FBA400185E98 /* Go@2x.png in Resources */ = {isa = PBXBuildFile; fileRef = 8E2027B814B0FBA400185E98 /* Go@2x.png */; };
		8E2027F714B0FBA400185E98 /* Help_Tap.png in Resources */ = {isa = PBXBuildFile; fileRef = 8E2027B914B0FBA400185E98 /* Help_Tap.png */; };
		8E2027F814B0FBA400185E98 /* Help_Tap@2x.png in Resources */ = {isa = PBXBuildFile; fileRef = 8E2027BA14B0FBA400185E98 /* Help_Tap@2x.png */; };
		8E2027F914B0FBA400185E98 /* Help.jpg in Resources */ = {isa = PBXBuildFile; fileRef = 8E2027BB14B0FBA400185E98 /* Help.jpg */; };
		8E2027FA14B0FBA400185E98 /* Help.png in Resources */ = {isa = PBXBuildFile; fileRef = 8E2027BC14B0FBA400185E98 /* Help.png */; };
		8E2027FB14B0FBA400185E98 /* Help@2x.jpg in Resources */ = {isa = PBXBuildFile; fileRef = 8E2027BD14B0FBA400185E98 /* Help@2x.jpg */; };
		8E2027FC14B0FBA400185E98 /* Help@2x.png in Resources */ = {isa = PBXBuildFile; fileRef = 8E2027BE14B0FBA400185E98 /* Help@2x.png */; };
		8E2027FD14B0FBA400185E98 /* Home.jpg in Resources */ = {isa = PBXBuildFile; fileRef = 8E2027BF14B0FBA400185E98 /* Home.jpg */; };
		8E2027FE14B0FBA400185E98 /* Home@2x.jpg in Resources */ = {isa = PBXBuildFile; fileRef = 8E2027C014B0FBA400185E98 /* Home@2x.jpg */; };
		8E20280314B109B700185E98 /* IscabAdViewController.m in Sources */ = {isa = PBXBuildFile; fileRef = 8E20280114B109AF00185E98 /* IscabAdViewController.m */; };
		8E20280414B109B700185E98 /* IscabAdViewController.xib in Resources */ = {isa = PBXBuildFile; fileRef = 8E20280214B109B100185E98 /* IscabAdViewController.xib */; };
		8E20280B14B10AF900185E98 /* Ad.jpg in Resources */ = {isa = PBXBuildFile; fileRef = 8E20280514B10AF500185E98 /* Ad.jpg */; };
		8E20280C14B10AF900185E98 /* Ad@2x.jpg in Resources */ = {isa = PBXBuildFile; fileRef = 8E20280614B10AF600185E98 /* Ad@2x.jpg */; };
		8E20280D14B10AF900185E98 /* Skip_Tap.png in Resources */ = {isa = PBXBuildFile; fileRef = 8E20280714B10AF600185E98 /* Skip_Tap.png */; };
		8E20280E14B10AF900185E98 /* Skip_Tap@2x.png in Resources */ = {isa = PBXBuildFile; fileRef = 8E20280814B10AF700185E98 /* Skip_Tap@2x.png */; };
		8E20280F14B10AF900185E98 /* Skip.png in Resources */ = {isa = PBXBuildFile; fileRef = 8E20280914B10AF800185E98 /* Skip.png */; };
		8E20281014B10AF900185E98 /* Skip@2x.png in Resources */ = {isa = PBXBuildFile; fileRef = 8E20280A14B10AF800185E98 /* Skip@2x.png */; };
		8E2338DA14C0FF780066EC4E /* hodor6.mp3 in Resources */ = {isa = PBXBuildFile; fileRef = 8E2338D214C0FF780066EC4E /* hodor6.mp3 */; };
		8E2338DB14C0FF780066EC4E /* hodor9.mp3 in Resources */ = {isa = PBXBuildFile; fileRef = 8E2338D314C0FF780066EC4E /* hodor9.mp3 */; };
		8E2338DC14C0FF780066EC4E /* hodor8.mp3 in Resources */ = {isa = PBXBuildFile; fileRef = 8E2338D414C0FF780066EC4E /* hodor8.mp3 */; };
		8E2338DD14C0FF780066EC4E /* hodor7.mp3 in Resources */ = {isa = PBXBuildFile; fileRef = 8E2338D514C0FF780066EC4E /* hodor7.mp3 */; };
		8E2338DE14C0FF780066EC4E /* hodor5.mp3 in Resources */ = {isa = PBXBuildFile; fileRef = 8E2338D614C0FF780066EC4E /* hodor5.mp3 */; };
		8E2338DF14C0FF780066EC4E /* hodor4.mp3 in Resources */ = {isa = PBXBuildFile; fileRef = 8E2338D714C0FF780066EC4E /* hodor4.mp3 */; };
		8E2338E014C0FF780066EC4E /* hodor3.mp3 in Resources */ = {isa = PBXBuildFile; fileRef = 8E2338D814C0FF780066EC4E /* hodor3.mp3 */; };
		8E2338E114C0FF780066EC4E /* hodor2.mp3 in Resources */ = {isa = PBXBuildFile; fileRef = 8E2338D914C0FF780066EC4E /* hodor2.mp3 */; };
		8E257D92143C1F480085EF3B /* Default.png in Resources */ = {isa = PBXBuildFile; fileRef = 8E257D90143C1F480085EF3B /* Default.png */; };
		8E257D93143C1F480085EF3B /* Default@2x.png in Resources */ = {isa = PBXBuildFile; fileRef = 8E257D91143C1F480085EF3B /* Default@2x.png */; };
		8E257D9B143C1FC30085EF3B /* hodor0.mp3 in Resources */ = {isa = PBXBuildFile; fileRef = 8E257D99143C1FC30085EF3B /* hodor0.mp3 */; };
		8E257D9C143C1FC30085EF3B /* hodor1.mp3 in Resources */ = {isa = PBXBuildFile; fileRef = 8E257D9A143C1FC30085EF3B /* hodor1.mp3 */; };
		8E4D36DF143C15E800CB57D7 /* icon-retina.png in Resources */ = {isa = PBXBuildFile; fileRef = 8E4D36DD143C15E800CB57D7 /* icon-retina.png */; };
		8E4D36E0143C15E800CB57D7 /* icon.png in Resources */ = {isa = PBXBuildFile; fileRef = 8E4D36DE143C15E800CB57D7 /* icon.png */; };
		8E4F09F71453E5C800986D91 /* iAd.framework in Frameworks */ = {isa = PBXBuildFile; fileRef = 8E4F09F61453E5C800986D91 /* iAd.framework */; };
		8E4FBEA11408668000AC8589 /* MediaPlayer.framework in Frameworks */ = {isa = PBXBuildFile; fileRef = 8E4FBEA01408668000AC8589 /* MediaPlayer.framework */; };
		8E64E52D140713D500791B7B /* UIKit.framework in Frameworks */ = {isa = PBXBuildFile; fileRef = 8E64E52C140713D500791B7B /* UIKit.framework */; };
		8E64E52F140713D500791B7B /* Foundation.framework in Frameworks */ = {isa = PBXBuildFile; fileRef = 8E64E52E140713D500791B7B /* Foundation.framework */; };
		8E64E531140713D500791B7B /* CoreGraphics.framework in Frameworks */ = {isa = PBXBuildFile; fileRef = 8E64E530140713D500791B7B /* CoreGraphics.framework */; };
		8E64E537140713D500791B7B /* InfoPlist.strings in Resources */ = {isa = PBXBuildFile; fileRef = 8E64E535140713D500791B7B /* InfoPlist.strings */; };
		8E64E53A140713D500791B7B /* main.m in Sources */ = {isa = PBXBuildFile; fileRef = 8E64E539140713D500791B7B /* main.m */; };
		8E64E53D140713D500791B7B /* HodorAppDelegate.m in Sources */ = {isa = PBXBuildFile; fileRef = 8E64E53C140713D500791B7B /* HodorAppDelegate.m */; };
		8E64E540140713D500791B7B /* MainWindow.xib in Resources */ = {isa = PBXBuildFile; fileRef = 8E64E53E140713D500791B7B /* MainWindow.xib */; };
		8E64E543140713D500791B7B /* HodorMainMenuViewController.m in Sources */ = {isa = PBXBuildFile; fileRef = 8E64E542140713D500791B7B /* HodorMainMenuViewController.m */; };
		8E64E546140713D500791B7B /* HodorMainMenuViewController.xib in Resources */ = {isa = PBXBuildFile; fileRef = 8E64E544140713D500791B7B /* HodorMainMenuViewController.xib */; };
		8E64E55C14071CF400791B7B /* AVFoundation.framework in Frameworks */ = {isa = PBXBuildFile; fileRef = 8E64E55B14071CF400791B7B /* AVFoundation.framework */; };
		8ED897E6141C21F80026A0F4 /* AboutViewController.m in Sources */ = {isa = PBXBuildFile; fileRef = 8ED897E4141C21F80026A0F4 /* AboutViewController.m */; };
		8ED897E7141C21F80026A0F4 /* AboutViewController.xib in Resources */ = {isa = PBXBuildFile; fileRef = 8ED897E5141C21F80026A0F4 /* AboutViewController.xib */; };
		8ED897EE141C266E0026A0F4 /* HelpViewController.m in Sources */ = {isa = PBXBuildFile; fileRef = 8ED897EC141C266E0026A0F4 /* HelpViewController.m */; };
		8ED897EF141C266E0026A0F4 /* HelpViewController.xib in Resources */ = {isa = PBXBuildFile; fileRef = 8ED897ED141C266E0026A0F4 /* HelpViewController.xib */; };
		8ED89803141C2A270026A0F4 /* TalkerViewController.m in Sources */ = {isa = PBXBuildFile; fileRef = 8ED89801141C2A260026A0F4 /* TalkerViewController.m */; };
		8ED89804141C2A270026A0F4 /* TalkerViewController.xib in Resources */ = {isa = PBXBuildFile; fileRef = 8ED89802141C2A270026A0F4 /* TalkerViewController.xib */; };
		8EEFE0211495A62D00D3429B /* HodorViewController.m in Sources */ = {isa = PBXBuildFile; fileRef = 8EEFE0201495A62C00D3429B /* HodorViewController.m */; };
/* End PBXBuildFile section */

/* Begin PBXFileReference section */
		8E14008A14B7CCC4008A430A /* Back-Face.png */ = {isa = PBXFileReference; lastKnownFileType = image.png; name = "Back-Face.png"; path = "Resources/Back-Face.png"; sourceTree = "<group>"; };
		8E14008B14B7CCC4008A430A /* Back-Face@2x.png */ = {isa = PBXFileReference; lastKnownFileType = image.png; name = "Back-Face@2x.png"; path = "Resources/Back-Face@2x.png"; sourceTree = "<group>"; };
		8E20278214B0FBA200185E98 /* About_Tap.png */ = {isa = PBXFileReference; lastKnownFileType = image.png; name = About_Tap.png; path = Resources/About_Tap.png; sourceTree = "<group>"; };
		8E20278314B0FBA200185E98 /* About_Tap@2x.png */ = {isa = PBXFileReference; lastKnownFileType = image.png; name = "About_Tap@2x.png"; path = "Resources/About_Tap@2x.png"; sourceTree = "<group>"; };
		8E20278414B0FBA200185E98 /* About.jpg */ = {isa = PBXFileReference; lastKnownFileType = image.jpeg; name = About.jpg; path = Resources/About.jpg; sourceTree = "<group>"; };
		8E20278514B0FBA200185E98 /* About.png */ = {isa = PBXFileReference; lastKnownFileType = image.png; name = About.png; path = Resources/About.png; sourceTree = "<group>"; };
		8E20278614B0FBA200185E98 /* About@2x.jpg */ = {isa = PBXFileReference; lastKnownFileType = image.jpeg; name = "About@2x.jpg"; path = "Resources/About@2x.jpg"; sourceTree = "<group>"; };
		8E20278714B0FBA200185E98 /* About@2x.png */ = {isa = PBXFileReference; lastKnownFileType = image.png; name = "About@2x.png"; path = "Resources/About@2x.png"; sourceTree = "<group>"; };
		8E20278914B0FBA200185E98 /* mouth0.png */ = {isa = PBXFileReference; lastKnownFileType = image.png; path = mouth0.png; sourceTree = "<group>"; };
		8E20278A14B0FBA200185E98 /* mouth0@2x.png */ = {isa = PBXFileReference; lastKnownFileType = image.png; path = "mouth0@2x.png"; sourceTree = "<group>"; };
		8E20278B14B0FBA200185E98 /* mouth1.png */ = {isa = PBXFileReference; lastKnownFileType = image.png; path = mouth1.png; sourceTree = "<group>"; };
		8E20278C14B0FBA200185E98 /* mouth10.png */ = {isa = PBXFileReference; lastKnownFileType = image.png; path = mouth10.png; sourceTree = "<group>"; };
		8E20278D14B0FBA200185E98 /* mouth10@2x.png */ = {isa = PBXFileReference; lastKnownFileType = image.png; path = "mouth10@2x.png"; sourceTree = "<group>"; };
		8E20278E14B0FBA200185E98 /* mouth11.png */ = {isa = PBXFileReference; lastKnownFileType = image.png; path = mouth11.png; sourceTree = "<group>"; };
		8E20278F14B0FBA200185E98 /* mouth11@2x.png */ = {isa = PBXFileReference; lastKnownFileType = image.png; path = "mouth11@2x.png"; sourceTree = "<group>"; };
		8E20279014B0FBA200185E98 /* mouth12.png */ = {isa = PBXFileReference; lastKnownFileType = image.png; path = mouth12.png; sourceTree = "<group>"; };
		8E20279114B0FBA200185E98 /* mouth12@2x.png */ = {isa = PBXFileReference; lastKnownFileType = image.png; path = "mouth12@2x.png"; sourceTree = "<group>"; };
		8E20279214B0FBA200185E98 /* mouth13.png */ = {isa = PBXFileReference; lastKnownFileType = image.png; path = mouth13.png; sourceTree = "<group>"; };
		8E20279314B0FBA200185E98 /* mouth13@2x.png */ = {isa = PBXFileReference; lastKnownFileType = image.png; path = "mouth13@2x.png"; sourceTree = "<group>"; };
		8E20279414B0FBA200185E98 /* mouth14.png */ = {isa = PBXFileReference; lastKnownFileType = image.png; path = mouth14.png; sourceTree = "<group>"; };
		8E20279514B0FBA200185E98 /* mouth14@2x.png */ = {isa = PBXFileReference; lastKnownFileType = image.png; path = "mouth14@2x.png"; sourceTree = "<group>"; };
		8E20279614B0FBA200185E98 /* mouth1@2x.png */ = {isa = PBXFileReference; lastKnownFileType = image.png; path = "mouth1@2x.png"; sourceTree = "<group>"; };
		8E20279714B0FBA200185E98 /* mouth2.png */ = {isa = PBXFileReference; lastKnownFileType = image.png; path = mouth2.png; sourceTree = "<group>"; };
		8E20279814B0FBA200185E98 /* mouth2@2x.png */ = {isa = PBXFileReference; lastKnownFileType = image.png; path = "mouth2@2x.png"; sourceTree = "<group>"; };
		8E20279914B0FBA200185E98 /* mouth3.png */ = {isa = PBXFileReference; lastKnownFileType = image.png; path = mouth3.png; sourceTree = "<group>"; };
		8E20279A14B0FBA200185E98 /* mouth3@2x.png */ = {isa = PBXFileReference; lastKnownFileType = image.png; path = "mouth3@2x.png"; sourceTree = "<group>"; };
		8E20279B14B0FBA200185E98 /* mouth4.png */ = {isa = PBXFileReference; lastKnownFileType = image.png; path = mouth4.png; sourceTree = "<group>"; };
		8E20279C14B0FBA200185E98 /* mouth4@2x.png */ = {isa = PBXFileReference; lastKnownFileType = image.png; path = "mouth4@2x.png"; sourceTree = "<group>"; };
		8E20279D14B0FBA200185E98 /* mouth5.png */ = {isa = PBXFileReference; lastKnownFileType = image.png; path = mouth5.png; sourceTree = "<group>"; };
		8E20279E14B0FBA200185E98 /* mouth5@2x.png */ = {isa = PBXFileReference; lastKnownFileType = image.png; path = "mouth5@2x.png"; sourceTree = "<group>"; };
		8E20279F14B0FBA200185E98 /* mouth6.png */ = {isa = PBXFileReference; lastKnownFileType = image.png; path = mouth6.png; sourceTree = "<group>"; };
		8E2027A014B0FBA200185E98 /* mouth6@2x.png */ = {isa = PBXFileReference; lastKnownFileType = image.png; path = "mouth6@2x.png"; sourceTree = "<group>"; };
		8E2027A114B0FBA200185E98 /* mouth7.png */ = {isa = PBXFileReference; lastKnownFileType = image.png; path = mouth7.png; sourceTree = "<group>"; };
		8E2027A214B0FBA200185E98 /* mouth7@2x.png */ = {isa = PBXFileReference; lastKnownFileType = image.png; path = "mouth7@2x.png"; sourceTree = "<group>"; };
		8E2027A314B0FBA200185E98 /* mouth8.png */ = {isa = PBXFileReference; lastKnownFileType = image.png; path = mouth8.png; sourceTree = "<group>"; };
		8E2027A414B0FBA200185E98 /* mouth8@2x.png */ = {isa = PBXFileReference; lastKnownFileType = image.png; path = "mouth8@2x.png"; sourceTree = "<group>"; };
		8E2027A514B0FBA200185E98 /* mouth9.png */ = {isa = PBXFileReference; lastKnownFileType = image.png; path = mouth9.png; sourceTree = "<group>"; };
		8E2027A614B0FBA200185E98 /* mouth9@2x.png */ = {isa = PBXFileReference; lastKnownFileType = image.png; path = "mouth9@2x.png"; sourceTree = "<group>"; };
		8E2027A714B0FBA200185E98 /* AppLogo_Tap.png */ = {isa = PBXFileReference; lastKnownFileType = image.png; name = AppLogo_Tap.png; path = Resources/AppLogo_Tap.png; sourceTree = "<group>"; };
		8E2027A814B0FBA200185E98 /* AppLogo_Tap@2x.png */ = {isa = PBXFileReference; lastKnownFileType = image.png; name = "AppLogo_Tap@2x.png"; path = "Resources/AppLogo_Tap@2x.png"; sourceTree = "<group>"; };
		8E2027A914B0FBA200185E98 /* AppLogo.png */ = {isa = PBXFileReference; lastKnownFileType = image.png; name = AppLogo.png; path = Resources/AppLogo.png; sourceTree = "<group>"; };
		8E2027AA14B0FBA300185E98 /* AppLogo@2x.png */ = {isa = PBXFileReference; lastKnownFileType = image.png; name = "AppLogo@2x.png"; path = "Resources/AppLogo@2x.png"; sourceTree = "<group>"; };
		8E2027AB14B0FBA300185E98 /* Back_Tap.png */ = {isa = PBXFileReference; lastKnownFileType = image.png; name = Back_Tap.png; path = Resources/Back_Tap.png; sourceTree = "<group>"; };
		8E2027AC14B0FBA300185E98 /* Back_Tap@2x.png */ = {isa = PBXFileReference; lastKnownFileType = image.png; name = "Back_Tap@2x.png"; path = "Resources/Back_Tap@2x.png"; sourceTree = "<group>"; };
		8E2027AD14B0FBA300185E98 /* Back.png */ = {isa = PBXFileReference; lastKnownFileType = image.png; name = Back.png; path = Resources/Back.png; sourceTree = "<group>"; };
		8E2027AE14B0FBA300185E98 /* Back@2x.png */ = {isa = PBXFileReference; lastKnownFileType = image.png; name = "Back@2x.png"; path = "Resources/Back@2x.png"; sourceTree = "<group>"; };
		8E2027AF14B0FBA300185E98 /* BeefBrainLogo_Tap.png */ = {isa = PBXFileReference; lastKnownFileType = image.png; name = BeefBrainLogo_Tap.png; path = Resources/BeefBrainLogo_Tap.png; sourceTree = "<group>"; };
		8E2027B014B0FBA300185E98 /* BeefBrainLogo_Tap@2x.png */ = {isa = PBXFileReference; lastKnownFileType = image.png; name = "BeefBrainLogo_Tap@2x.png"; path = "Resources/BeefBrainLogo_Tap@2x.png"; sourceTree = "<group>"; };
		8E2027B114B0FBA300185E98 /* BeefBrainLogo.png */ = {isa = PBXFileReference; lastKnownFileType = image.png; name = BeefBrainLogo.png; path = Resources/BeefBrainLogo.png; sourceTree = "<group>"; };
		8E2027B214B0FBA300185E98 /* BeefBrainLogo@2x.png */ = {isa = PBXFileReference; lastKnownFileType = image.png; name = "BeefBrainLogo@2x.png"; path = "Resources/BeefBrainLogo@2x.png"; sourceTree = "<group>"; };
		8E2027B314B0FBA300185E98 /* face.jpg */ = {isa = PBXFileReference; lastKnownFileType = image.jpeg; name = face.jpg; path = Resources/face.jpg; sourceTree = "<group>"; };
		8E2027B414B0FBA300185E98 /* face@2x.jpg */ = {isa = PBXFileReference; lastKnownFileType = image.jpeg; name = "face@2x.jpg"; path = "Resources/face@2x.jpg"; sourceTree = "<group>"; };
		8E2027B514B0FBA300185E98 /* Go_Tap.png */ = {isa = PBXFileReference; lastKnownFileType = image.png; name = Go_Tap.png; path = Resources/Go_Tap.png; sourceTree = "<group>"; };
		8E2027B614B0FBA300185E98 /* Go_Tap@2x.png */ = {isa = PBXFileReference; lastKnownFileType = image.png; name = "Go_Tap@2x.png"; path = "Resources/Go_Tap@2x.png"; sourceTree = "<group>"; };
		8E2027B714B0FBA300185E98 /* Go.png */ = {isa = PBXFileReference; lastKnownFileType = image.png; name = Go.png; path = Resources/Go.png; sourceTree = "<group>"; };
		8E2027B814B0FBA400185E98 /* Go@2x.png */ = {isa = PBXFileReference; lastKnownFileType = image.png; name = "Go@2x.png"; path = "Resources/Go@2x.png"; sourceTree = "<group>"; };
		8E2027B914B0FBA400185E98 /* Help_Tap.png */ = {isa = PBXFileReference; lastKnownFileType = image.png; name = Help_Tap.png; path = Resources/Help_Tap.png; sourceTree = "<group>"; };
		8E2027BA14B0FBA400185E98 /* Help_Tap@2x.png */ = {isa = PBXFileReference; lastKnownFileType = image.png; name = "Help_Tap@2x.png"; path = "Resources/Help_Tap@2x.png"; sourceTree = "<group>"; };
		8E2027BB14B0FBA400185E98 /* Help.jpg */ = {isa = PBXFileReference; lastKnownFileType = image.jpeg; name = Help.jpg; path = Resources/Help.jpg; sourceTree = "<group>"; };
		8E2027BC14B0FBA400185E98 /* Help.png */ = {isa = PBXFileReference; lastKnownFileType = image.png; name = Help.png; path = Resources/Help.png; sourceTree = "<group>"; };
		8E2027BD14B0FBA400185E98 /* Help@2x.jpg */ = {isa = PBXFileReference; lastKnownFileType = image.jpeg; name = "Help@2x.jpg"; path = "Resources/Help@2x.jpg"; sourceTree = "<group>"; };
		8E2027BE14B0FBA400185E98 /* Help@2x.png */ = {isa = PBXFileReference; lastKnownFileType = image.png; name = "Help@2x.png"; path = "Resources/Help@2x.png"; sourceTree = "<group>"; };
		8E2027BF14B0FBA400185E98 /* Home.jpg */ = {isa = PBXFileReference; lastKnownFileType = image.jpeg; name = Home.jpg; path = Resources/Home.jpg; sourceTree = "<group>"; };
		8E2027C014B0FBA400185E98 /* Home@2x.jpg */ = {isa = PBXFileReference; lastKnownFileType = image.jpeg; name = "Home@2x.jpg"; path = "Resources/Home@2x.jpg"; sourceTree = "<group>"; };
		8E20280014B109AE00185E98 /* IscabAdViewController.h */ = {isa = PBXFileReference; fileEncoding = 4; lastKnownFileType = sourcecode.c.h; path = IscabAdViewController.h; sourceTree = "<group>"; };
		8E20280114B109AF00185E98 /* IscabAdViewController.m */ = {isa = PBXFileReference; fileEncoding = 4; lastKnownFileType = sourcecode.c.objc; path = IscabAdViewController.m; sourceTree = "<group>"; };
		8E20280214B109B100185E98 /* IscabAdViewController.xib */ = {isa = PBXFileReference; fileEncoding = 4; lastKnownFileType = file.xib; path = IscabAdViewController.xib; sourceTree = "<group>"; };
		8E20280514B10AF500185E98 /* Ad.jpg */ = {isa = PBXFileReference; lastKnownFileType = image.jpeg; name = Ad.jpg; path = Resources/Ad.jpg; sourceTree = "<group>"; };
		8E20280614B10AF600185E98 /* Ad@2x.jpg */ = {isa = PBXFileReference; lastKnownFileType = image.jpeg; name = "Ad@2x.jpg"; path = "Resources/Ad@2x.jpg"; sourceTree = "<group>"; };
		8E20280714B10AF600185E98 /* Skip_Tap.png */ = {isa = PBXFileReference; lastKnownFileType = image.png; name = Skip_Tap.png; path = Resources/Skip_Tap.png; sourceTree = "<group>"; };
		8E20280814B10AF700185E98 /* Skip_Tap@2x.png */ = {isa = PBXFileReference; lastKnownFileType = image.png; name = "Skip_Tap@2x.png"; path = "Resources/Skip_Tap@2x.png"; sourceTree = "<group>"; };
		8E20280914B10AF800185E98 /* Skip.png */ = {isa = PBXFileReference; lastKnownFileType = image.png; name = Skip.png; path = Resources/Skip.png; sourceTree = "<group>"; };
		8E20280A14B10AF800185E98 /* Skip@2x.png */ = {isa = PBXFileReference; lastKnownFileType = image.png; name = "Skip@2x.png"; path = "Resources/Skip@2x.png"; sourceTree = "<group>"; };
		8E2338D214C0FF780066EC4E /* hodor6.mp3 */ = {isa = PBXFileReference; lastKnownFileType = audio.mp3; name = hodor6.mp3; path = Resources/hodor6.mp3; sourceTree = "<group>"; };
		8E2338D314C0FF780066EC4E /* hodor9.mp3 */ = {isa = PBXFileReference; lastKnownFileType = audio.mp3; name = hodor9.mp3; path = Resources/hodor9.mp3; sourceTree = "<group>"; };
		8E2338D414C0FF780066EC4E /* hodor8.mp3 */ = {isa = PBXFileReference; lastKnownFileType = audio.mp3; name = hodor8.mp3; path = Resources/hodor8.mp3; sourceTree = "<group>"; };
		8E2338D514C0FF780066EC4E /* hodor7.mp3 */ = {isa = PBXFileReference; lastKnownFileType = audio.mp3; name = hodor7.mp3; path = Resources/hodor7.mp3; sourceTree = "<group>"; };
		8E2338D614C0FF780066EC4E /* hodor5.mp3 */ = {isa = PBXFileReference; lastKnownFileType = audio.mp3; name = hodor5.mp3; path = Resources/hodor5.mp3; sourceTree = "<group>"; };
		8E2338D714C0FF780066EC4E /* hodor4.mp3 */ = {isa = PBXFileReference; lastKnownFileType = audio.mp3; name = hodor4.mp3; path = Resources/hodor4.mp3; sourceTree = "<group>"; };
		8E2338D814C0FF780066EC4E /* hodor3.mp3 */ = {isa = PBXFileReference; lastKnownFileType = audio.mp3; name = hodor3.mp3; path = Resources/hodor3.mp3; sourceTree = "<group>"; };
		8E2338D914C0FF780066EC4E /* hodor2.mp3 */ = {isa = PBXFileReference; lastKnownFileType = audio.mp3; name = hodor2.mp3; path = Resources/hodor2.mp3; sourceTree = "<group>"; };
		8E2338E314C102500066EC4E /* iHodor-Info.plist */ = {isa = PBXFileReference; fileEncoding = 4; lastKnownFileType = text.plist.xml; path = "iHodor-Info.plist"; sourceTree = SOURCE_ROOT; };
		8E257D90143C1F480085EF3B /* Default.png */ = {isa = PBXFileReference; lastKnownFileType = image.png; name = Default.png; path = Resources/Default.png; sourceTree = "<group>"; };
		8E257D91143C1F480085EF3B /* Default@2x.png */ = {isa = PBXFileReference; lastKnownFileType = image.png; name = "Default@2x.png"; path = "Resources/Default@2x.png"; sourceTree = "<group>"; };
		8E257D99143C1FC30085EF3B /* hodor0.mp3 */ = {isa = PBXFileReference; lastKnownFileType = audio.mp3; name = hodor0.mp3; path = Resources/hodor0.mp3; sourceTree = "<group>"; };
		8E257D9A143C1FC30085EF3B /* hodor1.mp3 */ = {isa = PBXFileReference; lastKnownFileType = audio.mp3; name = hodor1.mp3; path = Resources/hodor1.mp3; sourceTree = "<group>"; };
		8E4D36DD143C15E800CB57D7 /* icon-retina.png */ = {isa = PBXFileReference; lastKnownFileType = image.png; path = "icon-retina.png"; sourceTree = "<group>"; };
		8E4D36DE143C15E800CB57D7 /* icon.png */ = {isa = PBXFileReference; lastKnownFileType = image.png; path = icon.png; sourceTree = "<group>"; };
		8E4F09F61453E5C800986D91 /* iAd.framework */ = {isa = PBXFileReference; lastKnownFileType = wrapper.framework; name = iAd.framework; path = System/Library/Frameworks/iAd.framework; sourceTree = SDKROOT; };
		8E4FBEA01408668000AC8589 /* MediaPlayer.framework */ = {isa = PBXFileReference; lastKnownFileType = wrapper.framework; name = MediaPlayer.framework; path = System/Library/Frameworks/MediaPlayer.framework; sourceTree = SDKROOT; };
		8E64E528140713D500791B7B /* iHodor.app */ = {isa = PBXFileReference; explicitFileType = wrapper.application; includeInIndex = 0; path = iHodor.app; sourceTree = BUILT_PRODUCTS_DIR; };
		8E64E52C140713D500791B7B /* UIKit.framework */ = {isa = PBXFileReference; lastKnownFileType = wrapper.framework; name = UIKit.framework; path = System/Library/Frameworks/UIKit.framework; sourceTree = SDKROOT; };
		8E64E52E140713D500791B7B /* Foundation.framework */ = {isa = PBXFileReference; lastKnownFileType = wrapper.framework; name = Foundation.framework; path = System/Library/Frameworks/Foundation.framework; sourceTree = SDKROOT; };
		8E64E530140713D500791B7B /* CoreGraphics.framework */ = {isa = PBXFileReference; lastKnownFileType = wrapper.framework; name = CoreGraphics.framework; path = System/Library/Frameworks/CoreGraphics.framework; sourceTree = SDKROOT; };
		8E64E536140713D500791B7B /* en */ = {isa = PBXFileReference; lastKnownFileType = text.plist.strings; name = en; path = en.lproj/InfoPlist.strings; sourceTree = "<group>"; };
		8E64E538140713D500791B7B /* iHodor-Prefix.pch */ = {isa = PBXFileReference; lastKnownFileType = sourcecode.c.h; path = "iHodor-Prefix.pch"; sourceTree = "<group>"; };
		8E64E539140713D500791B7B /* main.m */ = {isa = PBXFileReference; lastKnownFileType = sourcecode.c.objc; path = main.m; sourceTree = "<group>"; };
		8E64E53B140713D500791B7B /* HodorAppDelegate.h */ = {isa = PBXFileReference; lastKnownFileType = sourcecode.c.h; path = HodorAppDelegate.h; sourceTree = "<group>"; };
		8E64E53C140713D500791B7B /* HodorAppDelegate.m */ = {isa = PBXFileReference; lastKnownFileType = sourcecode.c.objc; path = HodorAppDelegate.m; sourceTree = "<group>"; };
		8E64E53F140713D500791B7B /* en */ = {isa = PBXFileReference; lastKnownFileType = file.xib; name = en; path = en.lproj/MainWindow.xib; sourceTree = "<group>"; };
		8E64E541140713D500791B7B /* HodorMainMenuViewController.h */ = {isa = PBXFileReference; lastKnownFileType = sourcecode.c.h; path = HodorMainMenuViewController.h; sourceTree = "<group>"; };
		8E64E542140713D500791B7B /* HodorMainMenuViewController.m */ = {isa = PBXFileReference; lastKnownFileType = sourcecode.c.objc; path = HodorMainMenuViewController.m; sourceTree = "<group>"; };
		8E64E545140713D500791B7B /* en */ = {isa = PBXFileReference; lastKnownFileType = file.xib; name = en; path = en.lproj/HodorMainMenuViewController.xib; sourceTree = "<group>"; };
		8E64E55B14071CF400791B7B /* AVFoundation.framework */ = {isa = PBXFileReference; lastKnownFileType = wrapper.framework; name = AVFoundation.framework; path = System/Library/Frameworks/AVFoundation.framework; sourceTree = SDKROOT; };
		8ED897E3141C21F80026A0F4 /* AboutViewController.h */ = {isa = PBXFileReference; fileEncoding = 4; lastKnownFileType = sourcecode.c.h; path = AboutViewController.h; sourceTree = "<group>"; };
		8ED897E4141C21F80026A0F4 /* AboutViewController.m */ = {isa = PBXFileReference; fileEncoding = 4; lastKnownFileType = sourcecode.c.objc; path = AboutViewController.m; sourceTree = "<group>"; };
		8ED897E5141C21F80026A0F4 /* AboutViewController.xib */ = {isa = PBXFileReference; fileEncoding = 4; lastKnownFileType = file.xib; path = AboutViewController.xib; sourceTree = "<group>"; };
		8ED897EB141C266E0026A0F4 /* HelpViewController.h */ = {isa = PBXFileReference; fileEncoding = 4; lastKnownFileType = sourcecode.c.h; path = HelpViewController.h; sourceTree = "<group>"; };
		8ED897EC141C266E0026A0F4 /* HelpViewController.m */ = {isa = PBXFileReference; fileEncoding = 4; lastKnownFileType = sourcecode.c.objc; path = HelpViewController.m; sourceTree = "<group>"; };
		8ED897ED141C266E0026A0F4 /* HelpViewController.xib */ = {isa = PBXFileReference; fileEncoding = 4; lastKnownFileType = file.xib; path = HelpViewController.xib; sourceTree = "<group>"; };
		8ED89800141C2A260026A0F4 /* TalkerViewController.h */ = {isa = PBXFileReference; fileEncoding = 4; lastKnownFileType = sourcecode.c.h; path = TalkerViewController.h; sourceTree = "<group>"; };
		8ED89801141C2A260026A0F4 /* TalkerViewController.m */ = {isa = PBXFileReference; fileEncoding = 4; lastKnownFileType = sourcecode.c.objc; path = TalkerViewController.m; sourceTree = "<group>"; };
		8ED89802141C2A270026A0F4 /* TalkerViewController.xib */ = {isa = PBXFileReference; fileEncoding = 4; lastKnownFileType = file.xib; path = TalkerViewController.xib; sourceTree = "<group>"; };
		8EEFE01F1495A62C00D3429B /* HodorViewController.h */ = {isa = PBXFileReference; fileEncoding = 4; lastKnownFileType = sourcecode.c.h; path = HodorViewController.h; sourceTree = "<group>"; };
		8EEFE0201495A62C00D3429B /* HodorViewController.m */ = {isa = PBXFileReference; fileEncoding = 4; lastKnownFileType = sourcecode.c.objc; path = HodorViewController.m; sourceTree = "<group>"; };
/* End PBXFileReference section */

/* Begin PBXFrameworksBuildPhase section */
		8E64E525140713D500791B7B /* Frameworks */ = {
			isa = PBXFrameworksBuildPhase;
			buildActionMask = 2147483647;
			files = (
				8E4F09F71453E5C800986D91 /* iAd.framework in Frameworks */,
				8E4FBEA11408668000AC8589 /* MediaPlayer.framework in Frameworks */,
				8E64E55C14071CF400791B7B /* AVFoundation.framework in Frameworks */,
				8E64E52D140713D500791B7B /* UIKit.framework in Frameworks */,
				8E64E52F140713D500791B7B /* Foundation.framework in Frameworks */,
				8E64E531140713D500791B7B /* CoreGraphics.framework in Frameworks */,
			);
			runOnlyForDeploymentPostprocessing = 0;
		};
/* End PBXFrameworksBuildPhase section */

/* Begin PBXGroup section */
		8E20278814B0FBA200185E98 /* animation */ = {
			isa = PBXGroup;
			children = (
				8E20278914B0FBA200185E98 /* mouth0.png */,
				8E20278A14B0FBA200185E98 /* mouth0@2x.png */,
				8E20278B14B0FBA200185E98 /* mouth1.png */,
				8E20278C14B0FBA200185E98 /* mouth10.png */,
				8E20278D14B0FBA200185E98 /* mouth10@2x.png */,
				8E20278E14B0FBA200185E98 /* mouth11.png */,
				8E20278F14B0FBA200185E98 /* mouth11@2x.png */,
				8E20279014B0FBA200185E98 /* mouth12.png */,
				8E20279114B0FBA200185E98 /* mouth12@2x.png */,
				8E20279214B0FBA200185E98 /* mouth13.png */,
				8E20279314B0FBA200185E98 /* mouth13@2x.png */,
				8E20279414B0FBA200185E98 /* mouth14.png */,
				8E20279514B0FBA200185E98 /* mouth14@2x.png */,
				8E20279614B0FBA200185E98 /* mouth1@2x.png */,
				8E20279714B0FBA200185E98 /* mouth2.png */,
				8E20279814B0FBA200185E98 /* mouth2@2x.png */,
				8E20279914B0FBA200185E98 /* mouth3.png */,
				8E20279A14B0FBA200185E98 /* mouth3@2x.png */,
				8E20279B14B0FBA200185E98 /* mouth4.png */,
				8E20279C14B0FBA200185E98 /* mouth4@2x.png */,
				8E20279D14B0FBA200185E98 /* mouth5.png */,
				8E20279E14B0FBA200185E98 /* mouth5@2x.png */,
				8E20279F14B0FBA200185E98 /* mouth6.png */,
				8E2027A014B0FBA200185E98 /* mouth6@2x.png */,
				8E2027A114B0FBA200185E98 /* mouth7.png */,
				8E2027A214B0FBA200185E98 /* mouth7@2x.png */,
				8E2027A314B0FBA200185E98 /* mouth8.png */,
				8E2027A414B0FBA200185E98 /* mouth8@2x.png */,
				8E2027A514B0FBA200185E98 /* mouth9.png */,
				8E2027A614B0FBA200185E98 /* mouth9@2x.png */,
			);
			name = animation;
			path = Resources/animation;
			sourceTree = "<group>";
		};
		8E2027FF14B1032B00185E98 /* sound */ = {
			isa = PBXGroup;
			children = (
				8E2338D214C0FF780066EC4E /* hodor6.mp3 */,
				8E2338D314C0FF780066EC4E /* hodor9.mp3 */,
				8E2338D414C0FF780066EC4E /* hodor8.mp3 */,
				8E2338D514C0FF780066EC4E /* hodor7.mp3 */,
				8E2338D614C0FF780066EC4E /* hodor5.mp3 */,
				8E2338D714C0FF780066EC4E /* hodor4.mp3 */,
				8E2338D814C0FF780066EC4E /* hodor3.mp3 */,
				8E2338D914C0FF780066EC4E /* hodor2.mp3 */,
				8E257D99143C1FC30085EF3B /* hodor0.mp3 */,
				8E257D9A143C1FC30085EF3B /* hodor1.mp3 */,
			);
			name = sound;
			sourceTree = "<group>";
		};
		8E4D36DC143C15E800CB57D7 /* icons */ = {
			isa = PBXGroup;
			children = (
				8E4D36DD143C15E800CB57D7 /* icon-retina.png */,
				8E4D36DE143C15E800CB57D7 /* icon.png */,
			);
			name = icons;
			path = Resources/icons;
			sourceTree = "<group>";
		};
		8E64E51D140713D400791B7B = {
			isa = PBXGroup;
			children = (
				8E64E532140713D500791B7B /* Hodor */,
				8E64E52B140713D500791B7B /* Frameworks */,
				8E64E529140713D500791B7B /* Products */,
			);
			sourceTree = "<group>";
		};
		8E64E529140713D500791B7B /* Products */ = {
			isa = PBXGroup;
			children = (
				8E64E528140713D500791B7B /* iHodor.app */,
			);
			name = Products;
			sourceTree = "<group>";
		};
		8E64E52B140713D500791B7B /* Frameworks */ = {
			isa = PBXGroup;
			children = (
				8E4F09F61453E5C800986D91 /* iAd.framework */,
				8E4FBEA01408668000AC8589 /* MediaPlayer.framework */,
				8E64E55B14071CF400791B7B /* AVFoundation.framework */,
				8E64E52C140713D500791B7B /* UIKit.framework */,
				8E64E52E140713D500791B7B /* Foundation.framework */,
				8E64E530140713D500791B7B /* CoreGraphics.framework */,
			);
			name = Frameworks;
			sourceTree = "<group>";
		};
		8E64E532140713D500791B7B /* Hodor */ = {
			isa = PBXGroup;
			children = (
				8E64E53B140713D500791B7B /* HodorAppDelegate.h */,
				8E64E53C140713D500791B7B /* HodorAppDelegate.m */,
				8E64E541140713D500791B7B /* HodorMainMenuViewController.h */,
				8E64E542140713D500791B7B /* HodorMainMenuViewController.m */,
				8ED897EB141C266E0026A0F4 /* HelpViewController.h */,
				8ED897EC141C266E0026A0F4 /* HelpViewController.m */,
				8ED897E3141C21F80026A0F4 /* AboutViewController.h */,
				8ED897E4141C21F80026A0F4 /* AboutViewController.m */,
				8ED89800141C2A260026A0F4 /* TalkerViewController.h */,
				8ED89801141C2A260026A0F4 /* TalkerViewController.m */,
				8EEFE01F1495A62C00D3429B /* HodorViewController.h */,
				8EEFE0201495A62C00D3429B /* HodorViewController.m */,
				8E20280014B109AE00185E98 /* IscabAdViewController.h */,
				8E20280114B109AF00185E98 /* IscabAdViewController.m */,
				8EEFE01E1495A4D800D3429B /* xibs */,
				8E64E54C140714E500791B7B /* Resources */,
				8E64E533140713D500791B7B /* Supporting Files */,
			);
			path = Hodor;
			sourceTree = "<group>";
		};
		8E64E533140713D500791B7B /* Supporting Files */ = {
			isa = PBXGroup;
			children = (
				8E2338E314C102500066EC4E /* iHodor-Info.plist */,
				8E64E535140713D500791B7B /* InfoPlist.strings */,
				8E64E538140713D500791B7B /* iHodor-Prefix.pch */,
				8E64E539140713D500791B7B /* main.m */,
			);
			name = "Supporting Files";
			sourceTree = "<group>";
		};
		8E64E54C140714E500791B7B /* Resources */ = {
			isa = PBXGroup;
			children = (
				8E2027FF14B1032B00185E98 /* sound */,
				8E4D36DC143C15E800CB57D7 /* icons */,
				8E20278814B0FBA200185E98 /* animation */,
				8E14008A14B7CCC4008A430A /* Back-Face.png */,
				8E14008B14B7CCC4008A430A /* Back-Face@2x.png */,
				8E20280514B10AF500185E98 /* Ad.jpg */,
				8E20280614B10AF600185E98 /* Ad@2x.jpg */,
				8E20280714B10AF600185E98 /* Skip_Tap.png */,
				8E20280814B10AF700185E98 /* Skip_Tap@2x.png */,
				8E20280914B10AF800185E98 /* Skip.png */,
				8E20280A14B10AF800185E98 /* Skip@2x.png */,
				8E20278214B0FBA200185E98 /* About_Tap.png */,
				8E20278314B0FBA200185E98 /* About_Tap@2x.png */,
				8E20278414B0FBA200185E98 /* About.jpg */,
				8E20278514B0FBA200185E98 /* About.png */,
				8E20278614B0FBA200185E98 /* About@2x.jpg */,
				8E20278714B0FBA200185E98 /* About@2x.png */,
				8E2027A714B0FBA200185E98 /* AppLogo_Tap.png */,
				8E2027A814B0FBA200185E98 /* AppLogo_Tap@2x.png */,
				8E2027A914B0FBA200185E98 /* AppLogo.png */,
				8E2027AA14B0FBA300185E98 /* AppLogo@2x.png */,
				8E2027AB14B0FBA300185E98 /* Back_Tap.png */,
				8E2027AC14B0FBA300185E98 /* Back_Tap@2x.png */,
				8E2027AD14B0FBA300185E98 /* Back.png */,
				8E2027AE14B0FBA300185E98 /* Back@2x.png */,
				8E2027AF14B0FBA300185E98 /* BeefBrainLogo_Tap.png */,
				8E2027B014B0FBA300185E98 /* BeefBrainLogo_Tap@2x.png */,
				8E2027B114B0FBA300185E98 /* BeefBrainLogo.png */,
				8E2027B214B0FBA300185E98 /* BeefBrainLogo@2x.png */,
				8E2027B314B0FBA300185E98 /* face.jpg */,
				8E2027B414B0FBA300185E98 /* face@2x.jpg */,
				8E2027B514B0FBA300185E98 /* Go_Tap.png */,
				8E2027B614B0FBA300185E98 /* Go_Tap@2x.png */,
				8E2027B714B0FBA300185E98 /* Go.png */,
				8E2027B814B0FBA400185E98 /* Go@2x.png */,
				8E2027B914B0FBA400185E98 /* Help_Tap.png */,
				8E2027BA14B0FBA400185E98 /* Help_Tap@2x.png */,
				8E2027BB14B0FBA400185E98 /* Help.jpg */,
				8E2027BC14B0FBA400185E98 /* Help.png */,
				8E2027BD14B0FBA400185E98 /* Help@2x.jpg */,
				8E2027BE14B0FBA400185E98 /* Help@2x.png */,
				8E2027BF14B0FBA400185E98 /* Home.jpg */,
				8E2027C014B0FBA400185E98 /* Home@2x.jpg */,
				8E257D90143C1F480085EF3B /* Default.png */,
				8E257D91143C1F480085EF3B /* Default@2x.png */,
			);
			name = Resources;
			sourceTree = "<group>";
		};
		8EEFE01E1495A4D800D3429B /* xibs */ = {
			isa = PBXGroup;
			children = (
				8E20280214B109B100185E98 /* IscabAdViewController.xib */,
				8E64E544140713D500791B7B /* HodorMainMenuViewController.xib */,
				8ED897ED141C266E0026A0F4 /* HelpViewController.xib */,
				8ED897E5141C21F80026A0F4 /* AboutViewController.xib */,
				8ED89802141C2A270026A0F4 /* TalkerViewController.xib */,
				8E64E53E140713D500791B7B /* MainWindow.xib */,
			);
			name = xibs;
			sourceTree = "<group>";
		};
/* End PBXGroup section */

/* Begin PBXNativeTarget section */
		8E64E527140713D500791B7B /* iHodor */ = {
			isa = PBXNativeTarget;
			buildConfigurationList = 8E64E549140713D500791B7B /* Build configuration list for PBXNativeTarget "iHodor" */;
			buildPhases = (
				8E64E524140713D500791B7B /* Sources */,
				8E64E525140713D500791B7B /* Frameworks */,
				8E64E526140713D500791B7B /* Resources */,
			);
			buildRules = (
			);
			dependencies = (
			);
			name = iHodor;
			productName = Hodor;
			productReference = 8E64E528140713D500791B7B /* iHodor.app */;
			productType = "com.apple.product-type.application";
		};
/* End PBXNativeTarget section */

/* Begin PBXProject section */
		8E64E51F140713D400791B7B /* Project object */ = {
			isa = PBXProject;
			buildConfigurationList = 8E64E522140713D400791B7B /* Build configuration list for PBXProject "iHodor" */;
			compatibilityVersion = "Xcode 3.2";
			developmentRegion = English;
			hasScannedForEncodings = 0;
			knownRegions = (
				en,
			);
			mainGroup = 8E64E51D140713D400791B7B;
			productRefGroup = 8E64E529140713D500791B7B /* Products */;
			projectDirPath = "";
			projectRoot = "";
			targets = (
				8E64E527140713D500791B7B /* iHodor */,
			);
		};
/* End PBXProject section */

/* Begin PBXResourcesBuildPhase section */
		8E64E526140713D500791B7B /* Resources */ = {
			isa = PBXResourcesBuildPhase;
			buildActionMask = 2147483647;
			files = (
				8E64E537140713D500791B7B /* InfoPlist.strings in Resources */,
				8E64E540140713D500791B7B /* MainWindow.xib in Resources */,
				8E64E546140713D500791B7B /* HodorMainMenuViewController.xib in Resources */,
				8ED897E7141C21F80026A0F4 /* AboutViewController.xib in Resources */,
				8ED897EF141C266E0026A0F4 /* HelpViewController.xib in Resources */,
				8ED89804141C2A270026A0F4 /* TalkerViewController.xib in Resources */,
				8E4D36DF143C15E800CB57D7 /* icon-retina.png in Resources */,
				8E4D36E0143C15E800CB57D7 /* icon.png in Resources */,
				8E257D92143C1F480085EF3B /* Default.png in Resources */,
				8E257D93143C1F480085EF3B /* Default@2x.png in Resources */,
				8E257D9B143C1FC30085EF3B /* hodor0.mp3 in Resources */,
				8E257D9C143C1FC30085EF3B /* hodor1.mp3 in Resources */,
				8E2027C114B0FBA400185E98 /* About_Tap.png in Resources */,
				8E2027C214B0FBA400185E98 /* About_Tap@2x.png in Resources */,
				8E2027C314B0FBA400185E98 /* About.jpg in Resources */,
				8E2027C414B0FBA400185E98 /* About.png in Resources */,
				8E2027C514B0FBA400185E98 /* About@2x.jpg in Resources */,
				8E2027C614B0FBA400185E98 /* About@2x.png in Resources */,
				8E2027C714B0FBA400185E98 /* mouth0.png in Resources */,
				8E2027C814B0FBA400185E98 /* mouth0@2x.png in Resources */,
				8E2027C914B0FBA400185E98 /* mouth1.png in Resources */,
				8E2027CA14B0FBA400185E98 /* mouth10.png in Resources */,
				8E2027CB14B0FBA400185E98 /* mouth10@2x.png in Resources */,
				8E2027CC14B0FBA400185E98 /* mouth11.png in Resources */,
				8E2027CD14B0FBA400185E98 /* mouth11@2x.png in Resources */,
				8E2027CE14B0FBA400185E98 /* mouth12.png in Resources */,
				8E2027CF14B0FBA400185E98 /* mouth12@2x.png in Resources */,
				8E2027D014B0FBA400185E98 /* mouth13.png in Resources */,
				8E2027D114B0FBA400185E98 /* mouth13@2x.png in Resources */,
				8E2027D214B0FBA400185E98 /* mouth14.png in Resources */,
				8E2027D314B0FBA400185E98 /* mouth14@2x.png in Resources */,
				8E2027D414B0FBA400185E98 /* mouth1@2x.png in Resources */,
				8E2027D514B0FBA400185E98 /* mouth2.png in Resources */,
				8E2027D614B0FBA400185E98 /* mouth2@2x.png in Resources */,
				8E2027D714B0FBA400185E98 /* mouth3.png in Resources */,
				8E2027D814B0FBA400185E98 /* mouth3@2x.png in Resources */,
				8E2027D914B0FBA400185E98 /* mouth4.png in Resources */,
				8E2027DA14B0FBA400185E98 /* mouth4@2x.png in Resources */,
				8E2027DB14B0FBA400185E98 /* mouth5.png in Resources */,
				8E2027DC14B0FBA400185E98 /* mouth5@2x.png in Resources */,
				8E2027DD14B0FBA400185E98 /* mouth6.png in Resources */,
				8E2027DE14B0FBA400185E98 /* mouth6@2x.png in Resources */,
				8E2027DF14B0FBA400185E98 /* mouth7.png in Resources */,
				8E2027E014B0FBA400185E98 /* mouth7@2x.png in Resources */,
				8E2027E114B0FBA400185E98 /* mouth8.png in Resources */,
				8E2027E214B0FBA400185E98 /* mouth8@2x.png in Resources */,
				8E2027E314B0FBA400185E98 /* mouth9.png in Resources */,
				8E2027E414B0FBA400185E98 /* mouth9@2x.png in Resources */,
				8E2027E514B0FBA400185E98 /* AppLogo_Tap.png in Resources */,
				8E2027E614B0FBA400185E98 /* AppLogo_Tap@2x.png in Resources */,
				8E2027E714B0FBA400185E98 /* AppLogo.png in Resources */,
				8E2027E814B0FBA400185E98 /* AppLogo@2x.png in Resources */,
				8E2027E914B0FBA400185E98 /* Back_Tap.png in Resources */,
				8E2027EA14B0FBA400185E98 /* Back_Tap@2x.png in Resources */,
				8E2027EB14B0FBA400185E98 /* Back.png in Resources */,
				8E2027EC14B0FBA400185E98 /* Back@2x.png in Resources */,
				8E2027ED14B0FBA400185E98 /* BeefBrainLogo_Tap.png in Resources */,
				8E2027EE14B0FBA400185E98 /* BeefBrainLogo_Tap@2x.png in Resources */,
				8E2027EF14B0FBA400185E98 /* BeefBrainLogo.png in Resources */,
				8E2027F014B0FBA400185E98 /* BeefBrainLogo@2x.png in Resources */,
				8E2027F114B0FBA400185E98 /* face.jpg in Resources */,
				8E2027F214B0FBA400185E98 /* face@2x.jpg in Resources */,
				8E2027F314B0FBA400185E98 /* Go_Tap.png in Resources */,
				8E2027F414B0FBA400185E98 /* Go_Tap@2x.png in Resources */,
				8E2027F514B0FBA400185E98 /* Go.png in Resources */,
				8E2027F614B0FBA400185E98 /* Go@2x.png in Resources */,
				8E2027F714B0FBA400185E98 /* Help_Tap.png in Resources */,
				8E2027F814B0FBA400185E98 /* Help_Tap@2x.png in Resources */,
				8E2027F914B0FBA400185E98 /* Help.jpg in Resources */,
				8E2027FA14B0FBA400185E98 /* Help.png in Resources */,
				8E2027FB14B0FBA400185E98 /* Help@2x.jpg in Resources */,
				8E2027FC14B0FBA400185E98 /* Help@2x.png in Resources */,
				8E2027FD14B0FBA400185E98 /* Home.jpg in Resources */,
				8E2027FE14B0FBA400185E98 /* Home@2x.jpg in Resources */,
				8E20280414B109B700185E98 /* IscabAdViewController.xib in Resources */,
				8E20280B14B10AF900185E98 /* Ad.jpg in Resources */,
				8E20280C14B10AF900185E98 /* Ad@2x.jpg in Resources */,
				8E20280D14B10AF900185E98 /* Skip_Tap.png in Resources */,
				8E20280E14B10AF900185E98 /* Skip_Tap@2x.png in Resources */,
				8E20280F14B10AF900185E98 /* Skip.png in Resources */,
				8E20281014B10AF900185E98 /* Skip@2x.png in Resources */,
				8E14008C14B7CCC4008A430A /* Back-Face.png in Resources */,
				8E14008D14B7CCC4008A430A /* Back-Face@2x.png in Resources */,
				8E2338DA14C0FF780066EC4E /* hodor6.mp3 in Resources */,
				8E2338DB14C0FF780066EC4E /* hodor9.mp3 in Resources */,
				8E2338DC14C0FF780066EC4E /* hodor8.mp3 in Resources */,
				8E2338DD14C0FF780066EC4E /* hodor7.mp3 in Resources */,
				8E2338DE14C0FF780066EC4E /* hodor5.mp3 in Resources */,
				8E2338DF14C0FF780066EC4E /* hodor4.mp3 in Resources */,
				8E2338E014C0FF780066EC4E /* hodor3.mp3 in Resources */,
				8E2338E114C0FF780066EC4E /* hodor2.mp3 in Resources */,
			);
			runOnlyForDeploymentPostprocessing = 0;
		};
/* End PBXResourcesBuildPhase section */

/* Begin PBXSourcesBuildPhase section */
		8E64E524140713D500791B7B /* Sources */ = {
			isa = PBXSourcesBuildPhase;
			buildActionMask = 2147483647;
			files = (
				8E64E53A140713D500791B7B /* main.m in Sources */,
				8E64E53D140713D500791B7B /* HodorAppDelegate.m in Sources */,
				8E64E543140713D500791B7B /* HodorMainMenuViewController.m in Sources */,
				8ED897E6141C21F80026A0F4 /* AboutViewController.m in Sources */,
				8ED897EE141C266E0026A0F4 /* HelpViewController.m in Sources */,
				8ED89803141C2A270026A0F4 /* TalkerViewController.m in Sources */,
				8EEFE0211495A62D00D3429B /* HodorViewController.m in Sources */,
				8E20280314B109B700185E98 /* IscabAdViewController.m in Sources */,
			);
			runOnlyForDeploymentPostprocessing = 0;
		};
/* End PBXSourcesBuildPhase section */

/* Begin PBXVariantGroup section */
		8E64E535140713D500791B7B /* InfoPlist.strings */ = {
			isa = PBXVariantGroup;
			children = (
				8E64E536140713D500791B7B /* en */,
			);
			name = InfoPlist.strings;
			sourceTree = "<group>";
		};
		8E64E53E140713D500791B7B /* MainWindow.xib */ = {
			isa = PBXVariantGroup;
			children = (
				8E64E53F140713D500791B7B /* en */,
			);
			name = MainWindow.xib;
			sourceTree = "<group>";
		};
		8E64E544140713D500791B7B /* HodorMainMenuViewController.xib */ = {
			isa = PBXVariantGroup;
			children = (
				8E64E545140713D500791B7B /* en */,
			);
			name = HodorMainMenuViewController.xib;
			sourceTree = "<group>";
		};
/* End PBXVariantGroup section */

/* Begin XCBuildConfiguration section */
		8E64E547140713D500791B7B /* Debug */ = {
			isa = XCBuildConfiguration;
			buildSettings = {
				ARCHS = "$(ARCHS_STANDARD_32_BIT)";
				CODE_SIGN_IDENTITY = "iPhone Developer";
				"CODE_SIGN_IDENTITY[sdk=iphoneos*]" = "iPhone Developer";
				GCC_C_LANGUAGE_STANDARD = gnu99;
				GCC_OPTIMIZATION_LEVEL = 0;
				GCC_PREPROCESSOR_DEFINITIONS = DEBUG;
				GCC_SYMBOLS_PRIVATE_EXTERN = NO;
				GCC_VERSION = com.apple.compilers.llvmgcc42;
				GCC_WARN_ABOUT_RETURN_TYPE = YES;
				GCC_WARN_UNUSED_VARIABLE = YES;
				IPHONEOS_DEPLOYMENT_TARGET = 4.3;
				PROVISIONING_PROFILE = "";
				SDKROOT = iphoneos;
			};
			name = Debug;
		};
		8E64E548140713D500791B7B /* Release */ = {
			isa = XCBuildConfiguration;
			buildSettings = {
				ARCHS = "$(ARCHS_STANDARD_32_BIT)";
				CODE_SIGN_IDENTITY = "iPhone Developer";
				"CODE_SIGN_IDENTITY[sdk=iphoneos*]" = "iPhone Developer";
				GCC_C_LANGUAGE_STANDARD = gnu99;
				GCC_VERSION = com.apple.compilers.llvmgcc42;
				GCC_WARN_ABOUT_RETURN_TYPE = YES;
				GCC_WARN_UNUSED_VARIABLE = YES;
				IPHONEOS_DEPLOYMENT_TARGET = 4.3;
				OTHER_CFLAGS = "-DNS_BLOCK_ASSERTIONS=1";
				PROVISIONING_PROFILE = "";
				SDKROOT = iphoneos;
			};
			name = Release;
		};
		8E64E54A140713D500791B7B /* Debug */ = {
			isa = XCBuildConfiguration;
			buildSettings = {
				ALWAYS_SEARCH_USER_PATHS = NO;
				COPY_PHASE_STRIP = NO;
				FRAMEWORK_SEARCH_PATHS = (
					"$(inherited)",
					"\"$(SRCROOT)\"",
				);
				GCC_DYNAMIC_NO_PIC = NO;
				GCC_PRECOMPILE_PREFIX_HEADER = YES;
				GCC_PREFIX_HEADER = "Hodor/iHodor-Prefix.pch";
				INFOPLIST_FILE = "iHodor-Info.plist";
				IPHONEOS_DEPLOYMENT_TARGET = 4.0;
				PRODUCT_NAME = iHodor;
				TARGETED_DEVICE_FAMILY = 1;
				WRAPPER_EXTENSION = app;
			};
			name = Debug;
		};
		8E64E54B140713D500791B7B /* Release */ = {
			isa = XCBuildConfiguration;
			buildSettings = {
				ALWAYS_SEARCH_USER_PATHS = NO;
				COPY_PHASE_STRIP = YES;
				FRAMEWORK_SEARCH_PATHS = (
					"$(inherited)",
					"\"$(SRCROOT)\"",
				);
				GCC_PRECOMPILE_PREFIX_HEADER = YES;
				GCC_PREFIX_HEADER = "Hodor/iHodor-Prefix.pch";
				INFOPLIST_FILE = "iHodor-Info.plist";
				IPHONEOS_DEPLOYMENT_TARGET = 4.0;
				PRODUCT_NAME = iHodor;
				TARGETED_DEVICE_FAMILY = 1;
				VALIDATE_PRODUCT = YES;
				WRAPPER_EXTENSION = app;
			};
			name = Release;
		};
/* End XCBuildConfiguration section */

/* Begin XCConfigurationList section */
		8E64E522140713D400791B7B /* Build configuration list for PBXProject "iHodor" */ = {
			isa = XCConfigurationList;
			buildConfigurations = (
				8E64E547140713D500791B7B /* Debug */,
				8E64E548140713D500791B7B /* Release */,
			);
			defaultConfigurationIsVisible = 0;
			defaultConfigurationName = Release;
		};
		8E64E549140713D500791B7B /* Build configuration list for PBXNativeTarget "iHodor" */ = {
			isa = XCConfigurationList;
			buildConfigurations = (
				8E64E54A140713D500791B7B /* Debug */,
				8E64E54B140713D500791B7B /* Release */,
			);
			defaultConfigurationIsVisible = 0;
			defaultConfigurationName = Release;
		};
/* End XCConfigurationList section */
	};
	rootObject = 8E64E51F140713D400791B7B /* Project object */;
}
