// !$*UTF8*$!
{
	archiveVersion = 1;
	classes = {
	};
	objectVersion = 46;
	objects = {

/* Begin PBXBuildFile section */
		8E4FBE9F140865A800AC8589 /* hodor.mov in Resources */ = {isa = PBXBuildFile; fileRef = 8E4FBE9E140865A800AC8589 /* hodor.mov */; };
		8E4FBEA11408668000AC8589 /* MediaPlayer.framework in Frameworks */ = {isa = PBXBuildFile; fileRef = 8E4FBEA01408668000AC8589 /* MediaPlayer.framework */; };
		8E64E52D140713D500791B7B /* UIKit.framework in Frameworks */ = {isa = PBXBuildFile; fileRef = 8E64E52C140713D500791B7B /* UIKit.framework */; };
		8E64E52F140713D500791B7B /* Foundation.framework in Frameworks */ = {isa = PBXBuildFile; fileRef = 8E64E52E140713D500791B7B /* Foundation.framework */; };
		8E64E531140713D500791B7B /* CoreGraphics.framework in Frameworks */ = {isa = PBXBuildFile; fileRef = 8E64E530140713D500791B7B /* CoreGraphics.framework */; };
		8E64E537140713D500791B7B /* InfoPlist.strings in Resources */ = {isa = PBXBuildFile; fileRef = 8E64E535140713D500791B7B /* InfoPlist.strings */; };
		8E64E53A140713D500791B7B /* main.m in Sources */ = {isa = PBXBuildFile; fileRef = 8E64E539140713D500791B7B /* main.m */; };
		8E64E53D140713D500791B7B /* HodorAppDelegate.m in Sources */ = {isa = PBXBuildFile; fileRef = 8E64E53C140713D500791B7B /* HodorAppDelegate.m */; };
		8E64E540140713D500791B7B /* MainWindow.xib in Resources */ = {isa = PBXBuildFile; fileRef = 8E64E53E140713D500791B7B /* MainWindow.xib */; };
		8E64E543140713D500791B7B /* HodorViewController.m in Sources */ = {isa = PBXBuildFile; fileRef = 8E64E542140713D500791B7B /* HodorViewController.m */; };
		8E64E546140713D500791B7B /* HodorViewController.xib in Resources */ = {isa = PBXBuildFile; fileRef = 8E64E544140713D500791B7B /* HodorViewController.xib */; };
		8E64E54E140714FA00791B7B /* Default.png in Resources */ = {isa = PBXBuildFile; fileRef = 8E64E54D140714FA00791B7B /* Default.png */; };
		8E64E5501407154E00791B7B /* hodor.jpg in Resources */ = {isa = PBXBuildFile; fileRef = 8E64E54F1407154E00791B7B /* hodor.jpg */; };
		8E64E55C14071CF400791B7B /* AVFoundation.framework in Frameworks */ = {isa = PBXBuildFile; fileRef = 8E64E55B14071CF400791B7B /* AVFoundation.framework */; };
		8E64E55E14071DC200791B7B /* hodor.wav in Resources */ = {isa = PBXBuildFile; fileRef = 8E64E55D14071DC200791B7B /* hodor.wav */; };
/* End PBXBuildFile section */

/* Begin PBXFileReference section */
		8E4FBE9E140865A800AC8589 /* hodor.mov */ = {isa = PBXFileReference; lastKnownFileType = video.quicktime; path = hodor.mov; sourceTree = "<group>"; };
		8E4FBEA01408668000AC8589 /* MediaPlayer.framework */ = {isa = PBXFileReference; lastKnownFileType = wrapper.framework; name = MediaPlayer.framework; path = System/Library/Frameworks/MediaPlayer.framework; sourceTree = SDKROOT; };
		8E64E528140713D500791B7B /* Hodor.app */ = {isa = PBXFileReference; explicitFileType = wrapper.application; includeInIndex = 0; path = Hodor.app; sourceTree = BUILT_PRODUCTS_DIR; };
		8E64E52C140713D500791B7B /* UIKit.framework */ = {isa = PBXFileReference; lastKnownFileType = wrapper.framework; name = UIKit.framework; path = System/Library/Frameworks/UIKit.framework; sourceTree = SDKROOT; };
		8E64E52E140713D500791B7B /* Foundation.framework */ = {isa = PBXFileReference; lastKnownFileType = wrapper.framework; name = Foundation.framework; path = System/Library/Frameworks/Foundation.framework; sourceTree = SDKROOT; };
		8E64E530140713D500791B7B /* CoreGraphics.framework */ = {isa = PBXFileReference; lastKnownFileType = wrapper.framework; name = CoreGraphics.framework; path = System/Library/Frameworks/CoreGraphics.framework; sourceTree = SDKROOT; };
		8E64E534140713D500791B7B /* Hodor-Info.plist */ = {isa = PBXFileReference; lastKnownFileType = text.plist.xml; path = "Hodor-Info.plist"; sourceTree = "<group>"; };
		8E64E536140713D500791B7B /* en */ = {isa = PBXFileReference; lastKnownFileType = text.plist.strings; name = en; path = en.lproj/InfoPlist.strings; sourceTree = "<group>"; };
		8E64E538140713D500791B7B /* Hodor-Prefix.pch */ = {isa = PBXFileReference; lastKnownFileType = sourcecode.c.h; path = "Hodor-Prefix.pch"; sourceTree = "<group>"; };
		8E64E539140713D500791B7B /* main.m */ = {isa = PBXFileReference; lastKnownFileType = sourcecode.c.objc; path = main.m; sourceTree = "<group>"; };
		8E64E53B140713D500791B7B /* HodorAppDelegate.h */ = {isa = PBXFileReference; lastKnownFileType = sourcecode.c.h; path = HodorAppDelegate.h; sourceTree = "<group>"; };
		8E64E53C140713D500791B7B /* HodorAppDelegate.m */ = {isa = PBXFileReference; lastKnownFileType = sourcecode.c.objc; path = HodorAppDelegate.m; sourceTree = "<group>"; };
		8E64E53F140713D500791B7B /* en */ = {isa = PBXFileReference; lastKnownFileType = file.xib; name = en; path = en.lproj/MainWindow.xib; sourceTree = "<group>"; };
		8E64E541140713D500791B7B /* HodorViewController.h */ = {isa = PBXFileReference; lastKnownFileType = sourcecode.c.h; path = HodorViewController.h; sourceTree = "<group>"; };
		8E64E542140713D500791B7B /* HodorViewController.m */ = {isa = PBXFileReference; lastKnownFileType = sourcecode.c.objc; path = HodorViewController.m; sourceTree = "<group>"; };
		8E64E545140713D500791B7B /* en */ = {isa = PBXFileReference; lastKnownFileType = file.xib; name = en; path = en.lproj/HodorViewController.xib; sourceTree = "<group>"; };
		8E64E54D140714FA00791B7B /* Default.png */ = {isa = PBXFileReference; lastKnownFileType = image.png; path = Default.png; sourceTree = "<group>"; };
		8E64E54F1407154E00791B7B /* hodor.jpg */ = {isa = PBXFileReference; lastKnownFileType = image.jpeg; path = hodor.jpg; sourceTree = "<group>"; };
		8E64E55B14071CF400791B7B /* AVFoundation.framework */ = {isa = PBXFileReference; lastKnownFileType = wrapper.framework; name = AVFoundation.framework; path = System/Library/Frameworks/AVFoundation.framework; sourceTree = SDKROOT; };
		8E64E55D14071DC200791B7B /* hodor.wav */ = {isa = PBXFileReference; lastKnownFileType = audio.wav; path = hodor.wav; sourceTree = "<group>"; };
/* End PBXFileReference section */

/* Begin PBXFrameworksBuildPhase section */
		8E64E525140713D500791B7B /* Frameworks */ = {
			isa = PBXFrameworksBuildPhase;
			buildActionMask = 2147483647;
			files = (
				8E4FBEA11408668000AC8589 /* MediaPlayer.framework in Frameworks */,
				8E64E55C14071CF400791B7B /* AVFoundation.framework in Frameworks */,
				8E64E52D140713D500791B7B /* UIKit.framework in Frameworks */,
				8E64E52F140713D500791B7B /* Foundation.framework in Frameworks */,
				8E64E531140713D500791B7B /* CoreGraphics.framework in Frameworks */,
			);
			runOnlyForDeploymentPostprocessing = 0;
		};
/* End PBXFrameworksBuildPhase section */

/* Begin PBXGroup section */
		8E64E51D140713D400791B7B = {
			isa = PBXGroup;
			children = (
				8E64E532140713D500791B7B /* Hodor */,
				8E64E52B140713D500791B7B /* Frameworks */,
				8E64E529140713D500791B7B /* Products */,
			);
			sourceTree = "<group>";
		};
		8E64E529140713D500791B7B /* Products */ = {
			isa = PBXGroup;
			children = (
				8E64E528140713D500791B7B /* Hodor.app */,
			);
			name = Products;
			sourceTree = "<group>";
		};
		8E64E52B140713D500791B7B /* Frameworks */ = {
			isa = PBXGroup;
			children = (
				8E4FBEA01408668000AC8589 /* MediaPlayer.framework */,
				8E64E55B14071CF400791B7B /* AVFoundation.framework */,
				8E64E52C140713D500791B7B /* UIKit.framework */,
				8E64E52E140713D500791B7B /* Foundation.framework */,
				8E64E530140713D500791B7B /* CoreGraphics.framework */,
			);
			name = Frameworks;
			sourceTree = "<group>";
		};
		8E64E532140713D500791B7B /* Hodor */ = {
			isa = PBXGroup;
			children = (
				8E64E54C140714E500791B7B /* Resources */,
				8E64E53B140713D500791B7B /* HodorAppDelegate.h */,
				8E64E53C140713D500791B7B /* HodorAppDelegate.m */,
				8E64E53E140713D500791B7B /* MainWindow.xib */,
				8E64E541140713D500791B7B /* HodorViewController.h */,
				8E64E542140713D500791B7B /* HodorViewController.m */,
				8E64E544140713D500791B7B /* HodorViewController.xib */,
				8E64E533140713D500791B7B /* Supporting Files */,
			);
			path = Hodor;
			sourceTree = "<group>";
		};
		8E64E533140713D500791B7B /* Supporting Files */ = {
			isa = PBXGroup;
			children = (
				8E64E534140713D500791B7B /* Hodor-Info.plist */,
				8E64E535140713D500791B7B /* InfoPlist.strings */,
				8E64E538140713D500791B7B /* Hodor-Prefix.pch */,
				8E64E539140713D500791B7B /* main.m */,
			);
			name = "Supporting Files";
			sourceTree = "<group>";
		};
		8E64E54C140714E500791B7B /* Resources */ = {
			isa = PBXGroup;
			children = (
				8E4FBE9E140865A800AC8589 /* hodor.mov */,
				8E64E55D14071DC200791B7B /* hodor.wav */,
				8E64E54F1407154E00791B7B /* hodor.jpg */,
				8E64E54D140714FA00791B7B /* Default.png */,
			);
			name = Resources;
			sourceTree = "<group>";
		};
/* End PBXGroup section */

/* Begin PBXNativeTarget section */
		8E64E527140713D500791B7B /* Hodor */ = {
			isa = PBXNativeTarget;
			buildConfigurationList = 8E64E549140713D500791B7B /* Build configuration list for PBXNativeTarget "Hodor" */;
			buildPhases = (
				8E64E524140713D500791B7B /* Sources */,
				8E64E525140713D500791B7B /* Frameworks */,
				8E64E526140713D500791B7B /* Resources */,
			);
			buildRules = (
			);
			dependencies = (
			);
			name = Hodor;
			productName = Hodor;
			productReference = 8E64E528140713D500791B7B /* Hodor.app */;
			productType = "com.apple.product-type.application";
		};
/* End PBXNativeTarget section */

/* Begin PBXProject section */
		8E64E51F140713D400791B7B /* Project object */ = {
			isa = PBXProject;
			buildConfigurationList = 8E64E522140713D400791B7B /* Build configuration list for PBXProject "Hodor" */;
			compatibilityVersion = "Xcode 3.2";
			developmentRegion = English;
			hasScannedForEncodings = 0;
			knownRegions = (
				en,
			);
			mainGroup = 8E64E51D140713D400791B7B;
			productRefGroup = 8E64E529140713D500791B7B /* Products */;
			projectDirPath = "";
			projectRoot = "";
			targets = (
				8E64E527140713D500791B7B /* Hodor */,
			);
		};
/* End PBXProject section */

/* Begin PBXResourcesBuildPhase section */
		8E64E526140713D500791B7B /* Resources */ = {
			isa = PBXResourcesBuildPhase;
			buildActionMask = 2147483647;
			files = (
				8E64E537140713D500791B7B /* InfoPlist.strings in Resources */,
				8E64E540140713D500791B7B /* MainWindow.xib in Resources */,
				8E64E546140713D500791B7B /* HodorViewController.xib in Resources */,
				8E64E54E140714FA00791B7B /* Default.png in Resources */,
				8E64E5501407154E00791B7B /* hodor.jpg in Resources */,
				8E64E55E14071DC200791B7B /* hodor.wav in Resources */,
				8E4FBE9F140865A800AC8589 /* hodor.mov in Resources */,
			);
			runOnlyForDeploymentPostprocessing = 0;
		};
/* End PBXResourcesBuildPhase section */

/* Begin PBXSourcesBuildPhase section */
		8E64E524140713D500791B7B /* Sources */ = {
			isa = PBXSourcesBuildPhase;
			buildActionMask = 2147483647;
			files = (
				8E64E53A140713D500791B7B /* main.m in Sources */,
				8E64E53D140713D500791B7B /* HodorAppDelegate.m in Sources */,
				8E64E543140713D500791B7B /* HodorViewController.m in Sources */,
			);
			runOnlyForDeploymentPostprocessing = 0;
		};
/* End PBXSourcesBuildPhase section */

/* Begin PBXVariantGroup section */
		8E64E535140713D500791B7B /* InfoPlist.strings */ = {
			isa = PBXVariantGroup;
			children = (
				8E64E536140713D500791B7B /* en */,
			);
			name = InfoPlist.strings;
			sourceTree = "<group>";
		};
		8E64E53E140713D500791B7B /* MainWindow.xib */ = {
			isa = PBXVariantGroup;
			children = (
				8E64E53F140713D500791B7B /* en */,
			);
			name = MainWindow.xib;
			sourceTree = "<group>";
		};
		8E64E544140713D500791B7B /* HodorViewController.xib */ = {
			isa = PBXVariantGroup;
			children = (
				8E64E545140713D500791B7B /* en */,
			);
			name = HodorViewController.xib;
			sourceTree = "<group>";
		};
/* End PBXVariantGroup section */

/* Begin XCBuildConfiguration section */
		8E64E547140713D500791B7B /* Debug */ = {
			isa = XCBuildConfiguration;
			buildSettings = {
				ARCHS = "$(ARCHS_STANDARD_32_BIT)";
				CODE_SIGN_IDENTITY = "iPhone Developer";
				"CODE_SIGN_IDENTITY[sdk=iphoneos*]" = "iPhone Developer";
				GCC_C_LANGUAGE_STANDARD = gnu99;
				GCC_OPTIMIZATION_LEVEL = 0;
				GCC_PREPROCESSOR_DEFINITIONS = DEBUG;
				GCC_SYMBOLS_PRIVATE_EXTERN = NO;
				GCC_VERSION = com.apple.compilers.llvmgcc42;
				GCC_WARN_ABOUT_RETURN_TYPE = YES;
				GCC_WARN_UNUSED_VARIABLE = YES;
				IPHONEOS_DEPLOYMENT_TARGET = 4.3;
				PROVISIONING_PROFILE = "";
				SDKROOT = iphoneos;
			};
			name = Debug;
		};
		8E64E548140713D500791B7B /* Release */ = {
			isa = XCBuildConfiguration;
			buildSettings = {
				ARCHS = "$(ARCHS_STANDARD_32_BIT)";
				CODE_SIGN_IDENTITY = "iPhone Developer";
				"CODE_SIGN_IDENTITY[sdk=iphoneos*]" = "iPhone Developer";
				GCC_C_LANGUAGE_STANDARD = gnu99;
				GCC_VERSION = com.apple.compilers.llvmgcc42;
				GCC_WARN_ABOUT_RETURN_TYPE = YES;
				GCC_WARN_UNUSED_VARIABLE = YES;
				IPHONEOS_DEPLOYMENT_TARGET = 4.3;
				OTHER_CFLAGS = "-DNS_BLOCK_ASSERTIONS=1";
				PROVISIONING_PROFILE = "";
				SDKROOT = iphoneos;
			};
			name = Release;
		};
		8E64E54A140713D500791B7B /* Debug */ = {
			isa = XCBuildConfiguration;
			buildSettings = {
				ALWAYS_SEARCH_USER_PATHS = NO;
				COPY_PHASE_STRIP = NO;
				FRAMEWORK_SEARCH_PATHS = (
					"$(inherited)",
					"\"$(SRCROOT)\"",
				);
				GCC_DYNAMIC_NO_PIC = NO;
				GCC_PRECOMPILE_PREFIX_HEADER = YES;
				GCC_PREFIX_HEADER = "Hodor/Hodor-Prefix.pch";
				INFOPLIST_FILE = "Hodor/Hodor-Info.plist";
				IPHONEOS_DEPLOYMENT_TARGET = 4.0;
				PRODUCT_NAME = "$(TARGET_NAME)";
				TARGETED_DEVICE_FAMILY = 1;
				WRAPPER_EXTENSION = app;
			};
			name = Debug;
		};
		8E64E54B140713D500791B7B /* Release */ = {
			isa = XCBuildConfiguration;
			buildSettings = {
				ALWAYS_SEARCH_USER_PATHS = NO;
				COPY_PHASE_STRIP = YES;
				FRAMEWORK_SEARCH_PATHS = (
					"$(inherited)",
					"\"$(SRCROOT)\"",
				);
				GCC_PRECOMPILE_PREFIX_HEADER = YES;
				GCC_PREFIX_HEADER = "Hodor/Hodor-Prefix.pch";
				INFOPLIST_FILE = "Hodor/Hodor-Info.plist";
				IPHONEOS_DEPLOYMENT_TARGET = 4.0;
				PRODUCT_NAME = "$(TARGET_NAME)";
				TARGETED_DEVICE_FAMILY = 1;
				VALIDATE_PRODUCT = YES;
				WRAPPER_EXTENSION = app;
			};
			name = Release;
		};
/* End XCBuildConfiguration section */

/* Begin XCConfigurationList section */
		8E64E522140713D400791B7B /* Build configuration list for PBXProject "Hodor" */ = {
			isa = XCConfigurationList;
			buildConfigurations = (
				8E64E547140713D500791B7B /* Debug */,
				8E64E548140713D500791B7B /* Release */,
			);
			defaultConfigurationIsVisible = 0;
			defaultConfigurationName = Release;
		};
		8E64E549140713D500791B7B /* Build configuration list for PBXNativeTarget "Hodor" */ = {
			isa = XCConfigurationList;
			buildConfigurations = (
				8E64E54A140713D500791B7B /* Debug */,
				8E64E54B140713D500791B7B /* Release */,
			);
			defaultConfigurationIsVisible = 0;
			defaultConfigurationName = Release;
		};
/* End XCConfigurationList section */
	};
	rootObject = 8E64E51F140713D400791B7B /* Project object */;
}
