// !$*UTF8*$!
{
	archiveVersion = 1;
	classes = {
	};
	objectVersion = 46;
	objects = {

/* Begin PBXBuildFile section */
		8E257D92143C1F480085EF3B /* Default.png in Resources */ = {isa = PBXBuildFile; fileRef = 8E257D90143C1F480085EF3B /* Default.png */; };
		8E257D93143C1F480085EF3B /* Default@2x.png in Resources */ = {isa = PBXBuildFile; fileRef = 8E257D91143C1F480085EF3B /* Default@2x.png */; };
		8E257D9B143C1FC30085EF3B /* hodor0.mp3 in Resources */ = {isa = PBXBuildFile; fileRef = 8E257D99143C1FC30085EF3B /* hodor0.mp3 */; };
		8E257D9C143C1FC30085EF3B /* hodor1.mp3 in Resources */ = {isa = PBXBuildFile; fileRef = 8E257D9A143C1FC30085EF3B /* hodor1.mp3 */; };
		8E4D3641143C0AFE00CB57D7 /* About_Normal.png in Resources */ = {isa = PBXBuildFile; fileRef = 8E4D35FE143C0AFE00CB57D7 /* About_Normal.png */; };
		8E4D3642143C0AFE00CB57D7 /* About_Normal@2x.png in Resources */ = {isa = PBXBuildFile; fileRef = 8E4D35FF143C0AFE00CB57D7 /* About_Normal@2x.png */; };
		8E4D3643143C0AFE00CB57D7 /* About_Tap.png in Resources */ = {isa = PBXBuildFile; fileRef = 8E4D3600143C0AFE00CB57D7 /* About_Tap.png */; };
		8E4D3644143C0AFE00CB57D7 /* About_Tap@2x.png in Resources */ = {isa = PBXBuildFile; fileRef = 8E4D3601143C0AFE00CB57D7 /* About_Tap@2x.png */; };
		8E4D3645143C0AFE00CB57D7 /* about_title.png in Resources */ = {isa = PBXBuildFile; fileRef = 8E4D3602143C0AFE00CB57D7 /* about_title.png */; };
		8E4D3646143C0AFE00CB57D7 /* about_title@2x.png in Resources */ = {isa = PBXBuildFile; fileRef = 8E4D3603143C0AFE00CB57D7 /* about_title@2x.png */; };
		8E4D3647143C0AFE00CB57D7 /* About-Help-Back-Tap.png in Resources */ = {isa = PBXBuildFile; fileRef = 8E4D3604143C0AFE00CB57D7 /* About-Help-Back-Tap.png */; };
		8E4D3648143C0AFE00CB57D7 /* About-Help-Back-Tap@2x.png in Resources */ = {isa = PBXBuildFile; fileRef = 8E4D3605143C0AFE00CB57D7 /* About-Help-Back-Tap@2x.png */; };
		8E4D3649143C0AFE00CB57D7 /* About-Help-Back.png in Resources */ = {isa = PBXBuildFile; fileRef = 8E4D3606143C0AFE00CB57D7 /* About-Help-Back.png */; };
		8E4D364A143C0AFE00CB57D7 /* About-Help-Back@2x.png in Resources */ = {isa = PBXBuildFile; fileRef = 8E4D3607143C0AFE00CB57D7 /* About-Help-Back@2x.png */; };
		8E4D3669143C0AFE00CB57D7 /* Face-Back-Tap.png in Resources */ = {isa = PBXBuildFile; fileRef = 8E4D3627143C0AFE00CB57D7 /* Face-Back-Tap.png */; };
		8E4D366A143C0AFE00CB57D7 /* Face-Back-Tap@2x.png in Resources */ = {isa = PBXBuildFile; fileRef = 8E4D3628143C0AFE00CB57D7 /* Face-Back-Tap@2x.png */; };
		8E4D366B143C0AFE00CB57D7 /* Face-Back.png in Resources */ = {isa = PBXBuildFile; fileRef = 8E4D3629143C0AFE00CB57D7 /* Face-Back.png */; };
		8E4D366C143C0AFE00CB57D7 /* Face-Back@2x.png in Resources */ = {isa = PBXBuildFile; fileRef = 8E4D362A143C0AFE00CB57D7 /* Face-Back@2x.png */; };
		8E4D366D143C0AFE00CB57D7 /* face.png in Resources */ = {isa = PBXBuildFile; fileRef = 8E4D362B143C0AFE00CB57D7 /* face.png */; };
		8E4D366E143C0AFE00CB57D7 /* face@2x.png in Resources */ = {isa = PBXBuildFile; fileRef = 8E4D362C143C0AFE00CB57D7 /* face@2x.png */; };
		8E4D366F143C0AFE00CB57D7 /* Go_Normal.png in Resources */ = {isa = PBXBuildFile; fileRef = 8E4D362D143C0AFE00CB57D7 /* Go_Normal.png */; };
		8E4D3670143C0AFE00CB57D7 /* Go_Normal@2x.png in Resources */ = {isa = PBXBuildFile; fileRef = 8E4D362E143C0AFE00CB57D7 /* Go_Normal@2x.png */; };
		8E4D3671143C0AFE00CB57D7 /* Go_Tap.png in Resources */ = {isa = PBXBuildFile; fileRef = 8E4D362F143C0AFE00CB57D7 /* Go_Tap.png */; };
		8E4D3672143C0AFE00CB57D7 /* Go_Tap@2x.png in Resources */ = {isa = PBXBuildFile; fileRef = 8E4D3630143C0AFE00CB57D7 /* Go_Tap@2x.png */; };
		8E4D3673143C0AFE00CB57D7 /* Help_Normal.png in Resources */ = {isa = PBXBuildFile; fileRef = 8E4D3631143C0AFE00CB57D7 /* Help_Normal.png */; };
		8E4D3674143C0AFE00CB57D7 /* Help_Normal@2x.png in Resources */ = {isa = PBXBuildFile; fileRef = 8E4D3632143C0AFE00CB57D7 /* Help_Normal@2x.png */; };
		8E4D3675143C0AFE00CB57D7 /* Help_Tap.png in Resources */ = {isa = PBXBuildFile; fileRef = 8E4D3633143C0AFE00CB57D7 /* Help_Tap.png */; };
		8E4D3676143C0AFE00CB57D7 /* Help_Tap@2x.png in Resources */ = {isa = PBXBuildFile; fileRef = 8E4D3634143C0AFE00CB57D7 /* Help_Tap@2x.png */; };
		8E4D3677143C0AFE00CB57D7 /* Help_title.png in Resources */ = {isa = PBXBuildFile; fileRef = 8E4D3635143C0AFE00CB57D7 /* Help_title.png */; };
		8E4D3678143C0AFE00CB57D7 /* Help_title@2x.png in Resources */ = {isa = PBXBuildFile; fileRef = 8E4D3636143C0AFE00CB57D7 /* Help_title@2x.png */; };
		8E4D3679143C0AFE00CB57D7 /* iHodor-Home_Blank.png in Resources */ = {isa = PBXBuildFile; fileRef = 8E4D3637143C0AFE00CB57D7 /* iHodor-Home_Blank.png */; };
		8E4D367A143C0AFE00CB57D7 /* iHodor-Home_Blank@2x.png in Resources */ = {isa = PBXBuildFile; fileRef = 8E4D3638143C0AFE00CB57D7 /* iHodor-Home_Blank@2x.png */; };
		8E4D367B143C0AFE00CB57D7 /* iHodor-paper.png in Resources */ = {isa = PBXBuildFile; fileRef = 8E4D3639143C0AFE00CB57D7 /* iHodor-paper.png */; };
		8E4D367C143C0AFE00CB57D7 /* iHodor-paper@2x.png in Resources */ = {isa = PBXBuildFile; fileRef = 8E4D363A143C0AFE00CB57D7 /* iHodor-paper@2x.png */; };
		8E4D367D143C0AFE00CB57D7 /* Logo-Tap.png in Resources */ = {isa = PBXBuildFile; fileRef = 8E4D363B143C0AFE00CB57D7 /* Logo-Tap.png */; };
		8E4D367E143C0AFE00CB57D7 /* Logo-Tap@2x.png in Resources */ = {isa = PBXBuildFile; fileRef = 8E4D363C143C0AFE00CB57D7 /* Logo-Tap@2x.png */; };
		8E4D367F143C0AFE00CB57D7 /* Logo.png in Resources */ = {isa = PBXBuildFile; fileRef = 8E4D363D143C0AFE00CB57D7 /* Logo.png */; };
		8E4D3680143C0AFE00CB57D7 /* Logo@2x.png in Resources */ = {isa = PBXBuildFile; fileRef = 8E4D363E143C0AFE00CB57D7 /* Logo@2x.png */; };
		8E4D3681143C0AFE00CB57D7 /* text.png in Resources */ = {isa = PBXBuildFile; fileRef = 8E4D363F143C0AFE00CB57D7 /* text.png */; };
		8E4D3682143C0AFE00CB57D7 /* text@2x.png in Resources */ = {isa = PBXBuildFile; fileRef = 8E4D3640143C0AFE00CB57D7 /* text@2x.png */; };
		8E4D36A1143C11BC00CB57D7 /* mouth0.png in Resources */ = {isa = PBXBuildFile; fileRef = 8E4D3683143C11BC00CB57D7 /* mouth0.png */; };
		8E4D36A2143C11BC00CB57D7 /* mouth0@2x.png in Resources */ = {isa = PBXBuildFile; fileRef = 8E4D3684143C11BC00CB57D7 /* mouth0@2x.png */; };
		8E4D36A3143C11BC00CB57D7 /* mouth1.png in Resources */ = {isa = PBXBuildFile; fileRef = 8E4D3685143C11BC00CB57D7 /* mouth1.png */; };
		8E4D36A4143C11BC00CB57D7 /* mouth1@2x.png in Resources */ = {isa = PBXBuildFile; fileRef = 8E4D3686143C11BC00CB57D7 /* mouth1@2x.png */; };
		8E4D36A5143C11BC00CB57D7 /* mouth2.png in Resources */ = {isa = PBXBuildFile; fileRef = 8E4D3687143C11BC00CB57D7 /* mouth2.png */; };
		8E4D36A6143C11BC00CB57D7 /* mouth2@2x.png in Resources */ = {isa = PBXBuildFile; fileRef = 8E4D3688143C11BC00CB57D7 /* mouth2@2x.png */; };
		8E4D36A7143C11BC00CB57D7 /* mouth3.png in Resources */ = {isa = PBXBuildFile; fileRef = 8E4D3689143C11BC00CB57D7 /* mouth3.png */; };
		8E4D36A8143C11BC00CB57D7 /* mouth3@2x.png in Resources */ = {isa = PBXBuildFile; fileRef = 8E4D368A143C11BC00CB57D7 /* mouth3@2x.png */; };
		8E4D36A9143C11BC00CB57D7 /* mouth4.png in Resources */ = {isa = PBXBuildFile; fileRef = 8E4D368B143C11BC00CB57D7 /* mouth4.png */; };
		8E4D36AA143C11BC00CB57D7 /* mouth4@2x.png in Resources */ = {isa = PBXBuildFile; fileRef = 8E4D368C143C11BC00CB57D7 /* mouth4@2x.png */; };
		8E4D36AB143C11BC00CB57D7 /* mouth5.png in Resources */ = {isa = PBXBuildFile; fileRef = 8E4D368D143C11BC00CB57D7 /* mouth5.png */; };
		8E4D36AC143C11BC00CB57D7 /* mouth5@2x.png in Resources */ = {isa = PBXBuildFile; fileRef = 8E4D368E143C11BC00CB57D7 /* mouth5@2x.png */; };
		8E4D36AD143C11BC00CB57D7 /* mouth6.png in Resources */ = {isa = PBXBuildFile; fileRef = 8E4D368F143C11BC00CB57D7 /* mouth6.png */; };
		8E4D36AE143C11BC00CB57D7 /* mouth6@2x.png in Resources */ = {isa = PBXBuildFile; fileRef = 8E4D3690143C11BC00CB57D7 /* mouth6@2x.png */; };
		8E4D36AF143C11BC00CB57D7 /* mouth7.png in Resources */ = {isa = PBXBuildFile; fileRef = 8E4D3691143C11BC00CB57D7 /* mouth7.png */; };
		8E4D36B0143C11BC00CB57D7 /* mouth7@2x.png in Resources */ = {isa = PBXBuildFile; fileRef = 8E4D3692143C11BC00CB57D7 /* mouth7@2x.png */; };
		8E4D36B1143C11BC00CB57D7 /* mouth8.png in Resources */ = {isa = PBXBuildFile; fileRef = 8E4D3693143C11BC00CB57D7 /* mouth8.png */; };
		8E4D36B2143C11BC00CB57D7 /* mouth8@2x.png in Resources */ = {isa = PBXBuildFile; fileRef = 8E4D3694143C11BC00CB57D7 /* mouth8@2x.png */; };
		8E4D36B3143C11BC00CB57D7 /* mouth9.png in Resources */ = {isa = PBXBuildFile; fileRef = 8E4D3695143C11BC00CB57D7 /* mouth9.png */; };
		8E4D36B4143C11BC00CB57D7 /* mouth9@2x.png in Resources */ = {isa = PBXBuildFile; fileRef = 8E4D3696143C11BC00CB57D7 /* mouth9@2x.png */; };
		8E4D36B5143C11BC00CB57D7 /* mouth10.png in Resources */ = {isa = PBXBuildFile; fileRef = 8E4D3697143C11BC00CB57D7 /* mouth10.png */; };
		8E4D36B6143C11BC00CB57D7 /* mouth10@2x.png in Resources */ = {isa = PBXBuildFile; fileRef = 8E4D3698143C11BC00CB57D7 /* mouth10@2x.png */; };
		8E4D36B7143C11BC00CB57D7 /* mouth11.png in Resources */ = {isa = PBXBuildFile; fileRef = 8E4D3699143C11BC00CB57D7 /* mouth11.png */; };
		8E4D36B8143C11BC00CB57D7 /* mouth11@2x.png in Resources */ = {isa = PBXBuildFile; fileRef = 8E4D369A143C11BC00CB57D7 /* mouth11@2x.png */; };
		8E4D36B9143C11BC00CB57D7 /* mouth12.png in Resources */ = {isa = PBXBuildFile; fileRef = 8E4D369B143C11BC00CB57D7 /* mouth12.png */; };
		8E4D36BA143C11BC00CB57D7 /* mouth12@2x.png in Resources */ = {isa = PBXBuildFile; fileRef = 8E4D369C143C11BC00CB57D7 /* mouth12@2x.png */; };
		8E4D36BB143C11BC00CB57D7 /* mouth13.png in Resources */ = {isa = PBXBuildFile; fileRef = 8E4D369D143C11BC00CB57D7 /* mouth13.png */; };
		8E4D36BC143C11BC00CB57D7 /* mouth13@2x.png in Resources */ = {isa = PBXBuildFile; fileRef = 8E4D369E143C11BC00CB57D7 /* mouth13@2x.png */; };
		8E4D36BD143C11BC00CB57D7 /* mouth14.png in Resources */ = {isa = PBXBuildFile; fileRef = 8E4D369F143C11BC00CB57D7 /* mouth14.png */; };
		8E4D36BE143C11BC00CB57D7 /* mouth14@2x.png in Resources */ = {isa = PBXBuildFile; fileRef = 8E4D36A0143C11BC00CB57D7 /* mouth14@2x.png */; };
		8E4D36DF143C15E800CB57D7 /* icon-retina.png in Resources */ = {isa = PBXBuildFile; fileRef = 8E4D36DD143C15E800CB57D7 /* icon-retina.png */; };
		8E4D36E0143C15E800CB57D7 /* icon.png in Resources */ = {isa = PBXBuildFile; fileRef = 8E4D36DE143C15E800CB57D7 /* icon.png */; };
		8E4FBEA11408668000AC8589 /* MediaPlayer.framework in Frameworks */ = {isa = PBXBuildFile; fileRef = 8E4FBEA01408668000AC8589 /* MediaPlayer.framework */; };
		8E64E52D140713D500791B7B /* UIKit.framework in Frameworks */ = {isa = PBXBuildFile; fileRef = 8E64E52C140713D500791B7B /* UIKit.framework */; };
		8E64E52F140713D500791B7B /* Foundation.framework in Frameworks */ = {isa = PBXBuildFile; fileRef = 8E64E52E140713D500791B7B /* Foundation.framework */; };
		8E64E531140713D500791B7B /* CoreGraphics.framework in Frameworks */ = {isa = PBXBuildFile; fileRef = 8E64E530140713D500791B7B /* CoreGraphics.framework */; };
		8E64E537140713D500791B7B /* InfoPlist.strings in Resources */ = {isa = PBXBuildFile; fileRef = 8E64E535140713D500791B7B /* InfoPlist.strings */; };
		8E64E53A140713D500791B7B /* main.m in Sources */ = {isa = PBXBuildFile; fileRef = 8E64E539140713D500791B7B /* main.m */; };
		8E64E53D140713D500791B7B /* HodorAppDelegate.m in Sources */ = {isa = PBXBuildFile; fileRef = 8E64E53C140713D500791B7B /* HodorAppDelegate.m */; };
		8E64E540140713D500791B7B /* MainWindow.xib in Resources */ = {isa = PBXBuildFile; fileRef = 8E64E53E140713D500791B7B /* MainWindow.xib */; };
		8E64E543140713D500791B7B /* HodorViewController.m in Sources */ = {isa = PBXBuildFile; fileRef = 8E64E542140713D500791B7B /* HodorViewController.m */; };
		8E64E546140713D500791B7B /* HodorViewController.xib in Resources */ = {isa = PBXBuildFile; fileRef = 8E64E544140713D500791B7B /* HodorViewController.xib */; };
		8E64E55C14071CF400791B7B /* AVFoundation.framework in Frameworks */ = {isa = PBXBuildFile; fileRef = 8E64E55B14071CF400791B7B /* AVFoundation.framework */; };
		8ED897E6141C21F80026A0F4 /* AboutViewController.m in Sources */ = {isa = PBXBuildFile; fileRef = 8ED897E4141C21F80026A0F4 /* AboutViewController.m */; };
		8ED897E7141C21F80026A0F4 /* AboutViewController.xib in Resources */ = {isa = PBXBuildFile; fileRef = 8ED897E5141C21F80026A0F4 /* AboutViewController.xib */; };
		8ED897EE141C266E0026A0F4 /* HelpViewController.m in Sources */ = {isa = PBXBuildFile; fileRef = 8ED897EC141C266E0026A0F4 /* HelpViewController.m */; };
		8ED897EF141C266E0026A0F4 /* HelpViewController.xib in Resources */ = {isa = PBXBuildFile; fileRef = 8ED897ED141C266E0026A0F4 /* HelpViewController.xib */; };
		8ED89803141C2A270026A0F4 /* TalkerViewController.m in Sources */ = {isa = PBXBuildFile; fileRef = 8ED89801141C2A260026A0F4 /* TalkerViewController.m */; };
		8ED89804141C2A270026A0F4 /* TalkerViewController.xib in Resources */ = {isa = PBXBuildFile; fileRef = 8ED89802141C2A270026A0F4 /* TalkerViewController.xib */; };
		8EEC10F21440D7A200556697 /* icon-retina.png in Resources */ = {isa = PBXBuildFile; fileRef = 8EEC10F11440D7A200556697 /* icon-retina.png */; };
		8EEC10F51440D7B600556697 /* icon.png in Resources */ = {isa = PBXBuildFile; fileRef = 8EEC10F41440D7B600556697 /* icon.png */; };
/* End PBXBuildFile section */

/* Begin PBXFileReference section */
		8E257D90143C1F480085EF3B /* Default.png */ = {isa = PBXFileReference; lastKnownFileType = image.png; name = Default.png; path = Resources/Default.png; sourceTree = "<group>"; };
		8E257D91143C1F480085EF3B /* Default@2x.png */ = {isa = PBXFileReference; lastKnownFileType = image.png; name = "Default@2x.png"; path = "Resources/Default@2x.png"; sourceTree = "<group>"; };
		8E257D99143C1FC30085EF3B /* hodor0.mp3 */ = {isa = PBXFileReference; lastKnownFileType = audio.mp3; name = hodor0.mp3; path = Resources/hodor0.mp3; sourceTree = "<group>"; };
		8E257D9A143C1FC30085EF3B /* hodor1.mp3 */ = {isa = PBXFileReference; lastKnownFileType = audio.mp3; name = hodor1.mp3; path = Resources/hodor1.mp3; sourceTree = "<group>"; };
		8E4D35FE143C0AFE00CB57D7 /* About_Normal.png */ = {isa = PBXFileReference; lastKnownFileType = image.png; name = About_Normal.png; path = Resources/About_Normal.png; sourceTree = "<group>"; };
		8E4D35FF143C0AFE00CB57D7 /* About_Normal@2x.png */ = {isa = PBXFileReference; lastKnownFileType = image.png; name = "About_Normal@2x.png"; path = "Resources/About_Normal@2x.png"; sourceTree = "<group>"; };
		8E4D3600143C0AFE00CB57D7 /* About_Tap.png */ = {isa = PBXFileReference; lastKnownFileType = image.png; name = About_Tap.png; path = Resources/About_Tap.png; sourceTree = "<group>"; };
		8E4D3601143C0AFE00CB57D7 /* About_Tap@2x.png */ = {isa = PBXFileReference; lastKnownFileType = image.png; name = "About_Tap@2x.png"; path = "Resources/About_Tap@2x.png"; sourceTree = "<group>"; };
		8E4D3602143C0AFE00CB57D7 /* about_title.png */ = {isa = PBXFileReference; lastKnownFileType = image.png; name = about_title.png; path = Resources/about_title.png; sourceTree = "<group>"; };
		8E4D3603143C0AFE00CB57D7 /* about_title@2x.png */ = {isa = PBXFileReference; lastKnownFileType = image.png; name = "about_title@2x.png"; path = "Resources/about_title@2x.png"; sourceTree = "<group>"; };
		8E4D3604143C0AFE00CB57D7 /* About-Help-Back-Tap.png */ = {isa = PBXFileReference; lastKnownFileType = image.png; name = "About-Help-Back-Tap.png"; path = "Resources/About-Help-Back-Tap.png"; sourceTree = "<group>"; };
		8E4D3605143C0AFE00CB57D7 /* About-Help-Back-Tap@2x.png */ = {isa = PBXFileReference; lastKnownFileType = image.png; name = "About-Help-Back-Tap@2x.png"; path = "Resources/About-Help-Back-Tap@2x.png"; sourceTree = "<group>"; };
		8E4D3606143C0AFE00CB57D7 /* About-Help-Back.png */ = {isa = PBXFileReference; lastKnownFileType = image.png; name = "About-Help-Back.png"; path = "Resources/About-Help-Back.png"; sourceTree = "<group>"; };
		8E4D3607143C0AFE00CB57D7 /* About-Help-Back@2x.png */ = {isa = PBXFileReference; lastKnownFileType = image.png; name = "About-Help-Back@2x.png"; path = "Resources/About-Help-Back@2x.png"; sourceTree = "<group>"; };
		8E4D3627143C0AFE00CB57D7 /* Face-Back-Tap.png */ = {isa = PBXFileReference; lastKnownFileType = image.png; name = "Face-Back-Tap.png"; path = "Resources/Face-Back-Tap.png"; sourceTree = "<group>"; };
		8E4D3628143C0AFE00CB57D7 /* Face-Back-Tap@2x.png */ = {isa = PBXFileReference; lastKnownFileType = image.png; name = "Face-Back-Tap@2x.png"; path = "Resources/Face-Back-Tap@2x.png"; sourceTree = "<group>"; };
		8E4D3629143C0AFE00CB57D7 /* Face-Back.png */ = {isa = PBXFileReference; lastKnownFileType = image.png; name = "Face-Back.png"; path = "Resources/Face-Back.png"; sourceTree = "<group>"; };
		8E4D362A143C0AFE00CB57D7 /* Face-Back@2x.png */ = {isa = PBXFileReference; lastKnownFileType = image.png; name = "Face-Back@2x.png"; path = "Resources/Face-Back@2x.png"; sourceTree = "<group>"; };
		8E4D362B143C0AFE00CB57D7 /* face.png */ = {isa = PBXFileReference; lastKnownFileType = image.png; name = face.png; path = Resources/face.png; sourceTree = "<group>"; };
		8E4D362C143C0AFE00CB57D7 /* face@2x.png */ = {isa = PBXFileReference; lastKnownFileType = image.png; name = "face@2x.png"; path = "Resources/face@2x.png"; sourceTree = "<group>"; };
		8E4D362D143C0AFE00CB57D7 /* Go_Normal.png */ = {isa = PBXFileReference; lastKnownFileType = image.png; name = Go_Normal.png; path = Resources/Go_Normal.png; sourceTree = "<group>"; };
		8E4D362E143C0AFE00CB57D7 /* Go_Normal@2x.png */ = {isa = PBXFileReference; lastKnownFileType = image.png; name = "Go_Normal@2x.png"; path = "Resources/Go_Normal@2x.png"; sourceTree = "<group>"; };
		8E4D362F143C0AFE00CB57D7 /* Go_Tap.png */ = {isa = PBXFileReference; lastKnownFileType = image.png; name = Go_Tap.png; path = Resources/Go_Tap.png; sourceTree = "<group>"; };
		8E4D3630143C0AFE00CB57D7 /* Go_Tap@2x.png */ = {isa = PBXFileReference; lastKnownFileType = image.png; name = "Go_Tap@2x.png"; path = "Resources/Go_Tap@2x.png"; sourceTree = "<group>"; };
		8E4D3631143C0AFE00CB57D7 /* Help_Normal.png */ = {isa = PBXFileReference; lastKnownFileType = image.png; name = Help_Normal.png; path = Resources/Help_Normal.png; sourceTree = "<group>"; };
		8E4D3632143C0AFE00CB57D7 /* Help_Normal@2x.png */ = {isa = PBXFileReference; lastKnownFileType = image.png; name = "Help_Normal@2x.png"; path = "Resources/Help_Normal@2x.png"; sourceTree = "<group>"; };
		8E4D3633143C0AFE00CB57D7 /* Help_Tap.png */ = {isa = PBXFileReference; lastKnownFileType = image.png; name = Help_Tap.png; path = Resources/Help_Tap.png; sourceTree = "<group>"; };
		8E4D3634143C0AFE00CB57D7 /* Help_Tap@2x.png */ = {isa = PBXFileReference; lastKnownFileType = image.png; name = "Help_Tap@2x.png"; path = "Resources/Help_Tap@2x.png"; sourceTree = "<group>"; };
		8E4D3635143C0AFE00CB57D7 /* Help_title.png */ = {isa = PBXFileReference; lastKnownFileType = image.png; name = Help_title.png; path = Resources/Help_title.png; sourceTree = "<group>"; };
		8E4D3636143C0AFE00CB57D7 /* Help_title@2x.png */ = {isa = PBXFileReference; lastKnownFileType = image.png; name = "Help_title@2x.png"; path = "Resources/Help_title@2x.png"; sourceTree = "<group>"; };
		8E4D3637143C0AFE00CB57D7 /* iHodor-Home_Blank.png */ = {isa = PBXFileReference; lastKnownFileType = image.png; name = "iHodor-Home_Blank.png"; path = "Resources/iHodor-Home_Blank.png"; sourceTree = "<group>"; };
		8E4D3638143C0AFE00CB57D7 /* iHodor-Home_Blank@2x.png */ = {isa = PBXFileReference; lastKnownFileType = image.png; name = "iHodor-Home_Blank@2x.png"; path = "Resources/iHodor-Home_Blank@2x.png"; sourceTree = "<group>"; };
		8E4D3639143C0AFE00CB57D7 /* iHodor-paper.png */ = {isa = PBXFileReference; lastKnownFileType = image.png; name = "iHodor-paper.png"; path = "Resources/iHodor-paper.png"; sourceTree = "<group>"; };
		8E4D363A143C0AFE00CB57D7 /* iHodor-paper@2x.png */ = {isa = PBXFileReference; lastKnownFileType = image.png; name = "iHodor-paper@2x.png"; path = "Resources/iHodor-paper@2x.png"; sourceTree = "<group>"; };
		8E4D363B143C0AFE00CB57D7 /* Logo-Tap.png */ = {isa = PBXFileReference; lastKnownFileType = image.png; name = "Logo-Tap.png"; path = "Resources/Logo-Tap.png"; sourceTree = "<group>"; };
		8E4D363C143C0AFE00CB57D7 /* Logo-Tap@2x.png */ = {isa = PBXFileReference; lastKnownFileType = image.png; name = "Logo-Tap@2x.png"; path = "Resources/Logo-Tap@2x.png"; sourceTree = "<group>"; };
		8E4D363D143C0AFE00CB57D7 /* Logo.png */ = {isa = PBXFileReference; lastKnownFileType = image.png; name = Logo.png; path = Resources/Logo.png; sourceTree = "<group>"; };
		8E4D363E143C0AFE00CB57D7 /* Logo@2x.png */ = {isa = PBXFileReference; lastKnownFileType = image.png; name = "Logo@2x.png"; path = "Resources/Logo@2x.png"; sourceTree = "<group>"; };
		8E4D363F143C0AFE00CB57D7 /* text.png */ = {isa = PBXFileReference; lastKnownFileType = image.png; name = text.png; path = Resources/text.png; sourceTree = "<group>"; };
		8E4D3640143C0AFE00CB57D7 /* text@2x.png */ = {isa = PBXFileReference; lastKnownFileType = image.png; name = "text@2x.png"; path = "Resources/text@2x.png"; sourceTree = "<group>"; };
		8E4D3683143C11BC00CB57D7 /* mouth0.png */ = {isa = PBXFileReference; lastKnownFileType = image.png; path = mouth0.png; sourceTree = "<group>"; };
		8E4D3684143C11BC00CB57D7 /* mouth0@2x.png */ = {isa = PBXFileReference; lastKnownFileType = image.png; path = "mouth0@2x.png"; sourceTree = "<group>"; };
		8E4D3685143C11BC00CB57D7 /* mouth1.png */ = {isa = PBXFileReference; lastKnownFileType = image.png; path = mouth1.png; sourceTree = "<group>"; };
		8E4D3686143C11BC00CB57D7 /* mouth1@2x.png */ = {isa = PBXFileReference; lastKnownFileType = image.png; path = "mouth1@2x.png"; sourceTree = "<group>"; };
		8E4D3687143C11BC00CB57D7 /* mouth2.png */ = {isa = PBXFileReference; lastKnownFileType = image.png; path = mouth2.png; sourceTree = "<group>"; };
		8E4D3688143C11BC00CB57D7 /* mouth2@2x.png */ = {isa = PBXFileReference; lastKnownFileType = image.png; path = "mouth2@2x.png"; sourceTree = "<group>"; };
		8E4D3689143C11BC00CB57D7 /* mouth3.png */ = {isa = PBXFileReference; lastKnownFileType = image.png; path = mouth3.png; sourceTree = "<group>"; };
		8E4D368A143C11BC00CB57D7 /* mouth3@2x.png */ = {isa = PBXFileReference; lastKnownFileType = image.png; path = "mouth3@2x.png"; sourceTree = "<group>"; };
		8E4D368B143C11BC00CB57D7 /* mouth4.png */ = {isa = PBXFileReference; lastKnownFileType = image.png; path = mouth4.png; sourceTree = "<group>"; };
		8E4D368C143C11BC00CB57D7 /* mouth4@2x.png */ = {isa = PBXFileReference; lastKnownFileType = image.png; path = "mouth4@2x.png"; sourceTree = "<group>"; };
		8E4D368D143C11BC00CB57D7 /* mouth5.png */ = {isa = PBXFileReference; lastKnownFileType = image.png; path = mouth5.png; sourceTree = "<group>"; };
		8E4D368E143C11BC00CB57D7 /* mouth5@2x.png */ = {isa = PBXFileReference; lastKnownFileType = image.png; path = "mouth5@2x.png"; sourceTree = "<group>"; };
		8E4D368F143C11BC00CB57D7 /* mouth6.png */ = {isa = PBXFileReference; lastKnownFileType = image.png; path = mouth6.png; sourceTree = "<group>"; };
		8E4D3690143C11BC00CB57D7 /* mouth6@2x.png */ = {isa = PBXFileReference; lastKnownFileType = image.png; path = "mouth6@2x.png"; sourceTree = "<group>"; };
		8E4D3691143C11BC00CB57D7 /* mouth7.png */ = {isa = PBXFileReference; lastKnownFileType = image.png; path = mouth7.png; sourceTree = "<group>"; };
		8E4D3692143C11BC00CB57D7 /* mouth7@2x.png */ = {isa = PBXFileReference; lastKnownFileType = image.png; path = "mouth7@2x.png"; sourceTree = "<group>"; };
		8E4D3693143C11BC00CB57D7 /* mouth8.png */ = {isa = PBXFileReference; lastKnownFileType = image.png; path = mouth8.png; sourceTree = "<group>"; };
		8E4D3694143C11BC00CB57D7 /* mouth8@2x.png */ = {isa = PBXFileReference; lastKnownFileType = image.png; path = "mouth8@2x.png"; sourceTree = "<group>"; };
		8E4D3695143C11BC00CB57D7 /* mouth9.png */ = {isa = PBXFileReference; lastKnownFileType = image.png; path = mouth9.png; sourceTree = "<group>"; };
		8E4D3696143C11BC00CB57D7 /* mouth9@2x.png */ = {isa = PBXFileReference; lastKnownFileType = image.png; path = "mouth9@2x.png"; sourceTree = "<group>"; };
		8E4D3697143C11BC00CB57D7 /* mouth10.png */ = {isa = PBXFileReference; lastKnownFileType = image.png; path = mouth10.png; sourceTree = "<group>"; };
		8E4D3698143C11BC00CB57D7 /* mouth10@2x.png */ = {isa = PBXFileReference; lastKnownFileType = image.png; path = "mouth10@2x.png"; sourceTree = "<group>"; };
		8E4D3699143C11BC00CB57D7 /* mouth11.png */ = {isa = PBXFileReference; lastKnownFileType = image.png; path = mouth11.png; sourceTree = "<group>"; };
		8E4D369A143C11BC00CB57D7 /* mouth11@2x.png */ = {isa = PBXFileReference; lastKnownFileType = image.png; path = "mouth11@2x.png"; sourceTree = "<group>"; };
		8E4D369B143C11BC00CB57D7 /* mouth12.png */ = {isa = PBXFileReference; lastKnownFileType = image.png; path = mouth12.png; sourceTree = "<group>"; };
		8E4D369C143C11BC00CB57D7 /* mouth12@2x.png */ = {isa = PBXFileReference; lastKnownFileType = image.png; path = "mouth12@2x.png"; sourceTree = "<group>"; };
		8E4D369D143C11BC00CB57D7 /* mouth13.png */ = {isa = PBXFileReference; lastKnownFileType = image.png; path = mouth13.png; sourceTree = "<group>"; };
		8E4D369E143C11BC00CB57D7 /* mouth13@2x.png */ = {isa = PBXFileReference; lastKnownFileType = image.png; path = "mouth13@2x.png"; sourceTree = "<group>"; };
		8E4D369F143C11BC00CB57D7 /* mouth14.png */ = {isa = PBXFileReference; lastKnownFileType = image.png; path = mouth14.png; sourceTree = "<group>"; };
		8E4D36A0143C11BC00CB57D7 /* mouth14@2x.png */ = {isa = PBXFileReference; lastKnownFileType = image.png; path = "mouth14@2x.png"; sourceTree = "<group>"; };
		8E4D36DD143C15E800CB57D7 /* icon-retina.png */ = {isa = PBXFileReference; lastKnownFileType = image.png; path = "icon-retina.png"; sourceTree = "<group>"; };
		8E4D36DE143C15E800CB57D7 /* icon.png */ = {isa = PBXFileReference; lastKnownFileType = image.png; path = icon.png; sourceTree = "<group>"; };
		8E4FBEA01408668000AC8589 /* MediaPlayer.framework */ = {isa = PBXFileReference; lastKnownFileType = wrapper.framework; name = MediaPlayer.framework; path = System/Library/Frameworks/MediaPlayer.framework; sourceTree = SDKROOT; };
		8E64E528140713D500791B7B /* Hodor.app */ = {isa = PBXFileReference; explicitFileType = wrapper.application; includeInIndex = 0; path = Hodor.app; sourceTree = BUILT_PRODUCTS_DIR; };
		8E64E52C140713D500791B7B /* UIKit.framework */ = {isa = PBXFileReference; lastKnownFileType = wrapper.framework; name = UIKit.framework; path = System/Library/Frameworks/UIKit.framework; sourceTree = SDKROOT; };
		8E64E52E140713D500791B7B /* Foundation.framework */ = {isa = PBXFileReference; lastKnownFileType = wrapper.framework; name = Foundation.framework; path = System/Library/Frameworks/Foundation.framework; sourceTree = SDKROOT; };
		8E64E530140713D500791B7B /* CoreGraphics.framework */ = {isa = PBXFileReference; lastKnownFileType = wrapper.framework; name = CoreGraphics.framework; path = System/Library/Frameworks/CoreGraphics.framework; sourceTree = SDKROOT; };
		8E64E534140713D500791B7B /* Hodor-Info.plist */ = {isa = PBXFileReference; lastKnownFileType = text.plist.xml; path = "Hodor-Info.plist"; sourceTree = "<group>"; };
		8E64E536140713D500791B7B /* en */ = {isa = PBXFileReference; lastKnownFileType = text.plist.strings; name = en; path = en.lproj/InfoPlist.strings; sourceTree = "<group>"; };
		8E64E538140713D500791B7B /* Hodor-Prefix.pch */ = {isa = PBXFileReference; lastKnownFileType = sourcecode.c.h; path = "Hodor-Prefix.pch"; sourceTree = "<group>"; };
		8E64E539140713D500791B7B /* main.m */ = {isa = PBXFileReference; lastKnownFileType = sourcecode.c.objc; path = main.m; sourceTree = "<group>"; };
		8E64E53B140713D500791B7B /* HodorAppDelegate.h */ = {isa = PBXFileReference; lastKnownFileType = sourcecode.c.h; path = HodorAppDelegate.h; sourceTree = "<group>"; };
		8E64E53C140713D500791B7B /* HodorAppDelegate.m */ = {isa = PBXFileReference; lastKnownFileType = sourcecode.c.objc; path = HodorAppDelegate.m; sourceTree = "<group>"; };
		8E64E53F140713D500791B7B /* en */ = {isa = PBXFileReference; lastKnownFileType = file.xib; name = en; path = en.lproj/MainWindow.xib; sourceTree = "<group>"; };
		8E64E541140713D500791B7B /* HodorViewController.h */ = {isa = PBXFileReference; lastKnownFileType = sourcecode.c.h; path = HodorViewController.h; sourceTree = "<group>"; };
		8E64E542140713D500791B7B /* HodorViewController.m */ = {isa = PBXFileReference; lastKnownFileType = sourcecode.c.objc; path = HodorViewController.m; sourceTree = "<group>"; };
		8E64E545140713D500791B7B /* en */ = {isa = PBXFileReference; lastKnownFileType = file.xib; name = en; path = en.lproj/HodorViewController.xib; sourceTree = "<group>"; };
		8E64E55B14071CF400791B7B /* AVFoundation.framework */ = {isa = PBXFileReference; lastKnownFileType = wrapper.framework; name = AVFoundation.framework; path = System/Library/Frameworks/AVFoundation.framework; sourceTree = SDKROOT; };
		8ED897E3141C21F80026A0F4 /* AboutViewController.h */ = {isa = PBXFileReference; fileEncoding = 4; lastKnownFileType = sourcecode.c.h; path = AboutViewController.h; sourceTree = "<group>"; };
		8ED897E4141C21F80026A0F4 /* AboutViewController.m */ = {isa = PBXFileReference; fileEncoding = 4; lastKnownFileType = sourcecode.c.objc; path = AboutViewController.m; sourceTree = "<group>"; };
		8ED897E5141C21F80026A0F4 /* AboutViewController.xib */ = {isa = PBXFileReference; fileEncoding = 4; lastKnownFileType = file.xib; path = AboutViewController.xib; sourceTree = "<group>"; };
		8ED897EB141C266E0026A0F4 /* HelpViewController.h */ = {isa = PBXFileReference; fileEncoding = 4; lastKnownFileType = sourcecode.c.h; path = HelpViewController.h; sourceTree = "<group>"; };
		8ED897EC141C266E0026A0F4 /* HelpViewController.m */ = {isa = PBXFileReference; fileEncoding = 4; lastKnownFileType = sourcecode.c.objc; path = HelpViewController.m; sourceTree = "<group>"; };
		8ED897ED141C266E0026A0F4 /* HelpViewController.xib */ = {isa = PBXFileReference; fileEncoding = 4; lastKnownFileType = file.xib; path = HelpViewController.xib; sourceTree = "<group>"; };
		8ED89800141C2A260026A0F4 /* TalkerViewController.h */ = {isa = PBXFileReference; fileEncoding = 4; lastKnownFileType = sourcecode.c.h; path = TalkerViewController.h; sourceTree = "<group>"; };
		8ED89801141C2A260026A0F4 /* TalkerViewController.m */ = {isa = PBXFileReference; fileEncoding = 4; lastKnownFileType = sourcecode.c.objc; path = TalkerViewController.m; sourceTree = "<group>"; };
		8ED89802141C2A270026A0F4 /* TalkerViewController.xib */ = {isa = PBXFileReference; fileEncoding = 4; lastKnownFileType = file.xib; path = TalkerViewController.xib; sourceTree = "<group>"; };
		8EEC10F11440D7A200556697 /* icon-retina.png */ = {isa = PBXFileReference; lastKnownFileType = image.png; path = "icon-retina.png"; sourceTree = "<group>"; };
		8EEC10F41440D7B600556697 /* icon.png */ = {isa = PBXFileReference; lastKnownFileType = image.png; path = icon.png; sourceTree = "<group>"; };
/* End PBXFileReference section */

/* Begin PBXFrameworksBuildPhase section */
		8E64E525140713D500791B7B /* Frameworks */ = {
			isa = PBXFrameworksBuildPhase;
			buildActionMask = 2147483647;
			files = (
				8E4FBEA11408668000AC8589 /* MediaPlayer.framework in Frameworks */,
				8E64E55C14071CF400791B7B /* AVFoundation.framework in Frameworks */,
				8E64E52D140713D500791B7B /* UIKit.framework in Frameworks */,
				8E64E52F140713D500791B7B /* Foundation.framework in Frameworks */,
				8E64E531140713D500791B7B /* CoreGraphics.framework in Frameworks */,
			);
			runOnlyForDeploymentPostprocessing = 0;
		};
/* End PBXFrameworksBuildPhase section */

/* Begin PBXGroup section */
		8E4D3608143C0AFE00CB57D7 /* animation */ = {
			isa = PBXGroup;
			children = (
				8E4D3683143C11BC00CB57D7 /* mouth0.png */,
				8E4D3684143C11BC00CB57D7 /* mouth0@2x.png */,
				8E4D3685143C11BC00CB57D7 /* mouth1.png */,
				8E4D3686143C11BC00CB57D7 /* mouth1@2x.png */,
				8E4D3687143C11BC00CB57D7 /* mouth2.png */,
				8E4D3688143C11BC00CB57D7 /* mouth2@2x.png */,
				8E4D3689143C11BC00CB57D7 /* mouth3.png */,
				8E4D368A143C11BC00CB57D7 /* mouth3@2x.png */,
				8E4D368B143C11BC00CB57D7 /* mouth4.png */,
				8E4D368C143C11BC00CB57D7 /* mouth4@2x.png */,
				8E4D368D143C11BC00CB57D7 /* mouth5.png */,
				8E4D368E143C11BC00CB57D7 /* mouth5@2x.png */,
				8E4D368F143C11BC00CB57D7 /* mouth6.png */,
				8E4D3690143C11BC00CB57D7 /* mouth6@2x.png */,
				8E4D3691143C11BC00CB57D7 /* mouth7.png */,
				8E4D3692143C11BC00CB57D7 /* mouth7@2x.png */,
				8E4D3693143C11BC00CB57D7 /* mouth8.png */,
				8E4D3694143C11BC00CB57D7 /* mouth8@2x.png */,
				8E4D3695143C11BC00CB57D7 /* mouth9.png */,
				8E4D3696143C11BC00CB57D7 /* mouth9@2x.png */,
				8E4D3697143C11BC00CB57D7 /* mouth10.png */,
				8E4D3698143C11BC00CB57D7 /* mouth10@2x.png */,
				8E4D3699143C11BC00CB57D7 /* mouth11.png */,
				8E4D369A143C11BC00CB57D7 /* mouth11@2x.png */,
				8E4D369B143C11BC00CB57D7 /* mouth12.png */,
				8E4D369C143C11BC00CB57D7 /* mouth12@2x.png */,
				8E4D369D143C11BC00CB57D7 /* mouth13.png */,
				8E4D369E143C11BC00CB57D7 /* mouth13@2x.png */,
				8E4D369F143C11BC00CB57D7 /* mouth14.png */,
				8E4D36A0143C11BC00CB57D7 /* mouth14@2x.png */,
			);
			name = animation;
			path = Resources/animation;
			sourceTree = "<group>";
		};
		8E4D36DC143C15E800CB57D7 /* icons */ = {
			isa = PBXGroup;
			children = (
				8E4D36DD143C15E800CB57D7 /* icon-retina.png */,
				8E4D36DE143C15E800CB57D7 /* icon.png */,
			);
			name = icons;
			path = Resources/icons;
			sourceTree = "<group>";
		};
		8E64E51D140713D400791B7B = {
			isa = PBXGroup;
			children = (
				8EEC10F41440D7B600556697 /* icon.png */,
				8EEC10F11440D7A200556697 /* icon-retina.png */,
				8E64E532140713D500791B7B /* Hodor */,
				8E64E52B140713D500791B7B /* Frameworks */,
				8E64E529140713D500791B7B /* Products */,
			);
			sourceTree = "<group>";
		};
		8E64E529140713D500791B7B /* Products */ = {
			isa = PBXGroup;
			children = (
				8E64E528140713D500791B7B /* Hodor.app */,
			);
			name = Products;
			sourceTree = "<group>";
		};
		8E64E52B140713D500791B7B /* Frameworks */ = {
			isa = PBXGroup;
			children = (
				8E4FBEA01408668000AC8589 /* MediaPlayer.framework */,
				8E64E55B14071CF400791B7B /* AVFoundation.framework */,
				8E64E52C140713D500791B7B /* UIKit.framework */,
				8E64E52E140713D500791B7B /* Foundation.framework */,
				8E64E530140713D500791B7B /* CoreGraphics.framework */,
			);
			name = Frameworks;
			sourceTree = "<group>";
		};
		8E64E532140713D500791B7B /* Hodor */ = {
			isa = PBXGroup;
			children = (
				8E64E53B140713D500791B7B /* HodorAppDelegate.h */,
				8E64E53C140713D500791B7B /* HodorAppDelegate.m */,
				8E64E53E140713D500791B7B /* MainWindow.xib */,
				8E64E541140713D500791B7B /* HodorViewController.h */,
				8E64E542140713D500791B7B /* HodorViewController.m */,
				8E64E544140713D500791B7B /* HodorViewController.xib */,
				8ED897EB141C266E0026A0F4 /* HelpViewController.h */,
				8ED897EC141C266E0026A0F4 /* HelpViewController.m */,
				8ED897ED141C266E0026A0F4 /* HelpViewController.xib */,
				8ED897E3141C21F80026A0F4 /* AboutViewController.h */,
				8ED897E4141C21F80026A0F4 /* AboutViewController.m */,
				8ED897E5141C21F80026A0F4 /* AboutViewController.xib */,
				8ED89800141C2A260026A0F4 /* TalkerViewController.h */,
				8ED89801141C2A260026A0F4 /* TalkerViewController.m */,
				8ED89802141C2A270026A0F4 /* TalkerViewController.xib */,
				8E64E54C140714E500791B7B /* Resources */,
				8E64E533140713D500791B7B /* Supporting Files */,
			);
			path = Hodor;
			sourceTree = "<group>";
		};
		8E64E533140713D500791B7B /* Supporting Files */ = {
			isa = PBXGroup;
			children = (
				8E64E534140713D500791B7B /* Hodor-Info.plist */,
				8E64E535140713D500791B7B /* InfoPlist.strings */,
				8E64E538140713D500791B7B /* Hodor-Prefix.pch */,
				8E64E539140713D500791B7B /* main.m */,
			);
			name = "Supporting Files";
			sourceTree = "<group>";
		};
		8E64E54C140714E500791B7B /* Resources */ = {
			isa = PBXGroup;
			children = (
				8E4D3608143C0AFE00CB57D7 /* animation */,
				8E4D36DC143C15E800CB57D7 /* icons */,
				8E257D99143C1FC30085EF3B /* hodor0.mp3 */,
				8E257D9A143C1FC30085EF3B /* hodor1.mp3 */,
				8E257D90143C1F480085EF3B /* Default.png */,
				8E257D91143C1F480085EF3B /* Default@2x.png */,
				8E4D35FE143C0AFE00CB57D7 /* About_Normal.png */,
				8E4D35FF143C0AFE00CB57D7 /* About_Normal@2x.png */,
				8E4D3600143C0AFE00CB57D7 /* About_Tap.png */,
				8E4D3601143C0AFE00CB57D7 /* About_Tap@2x.png */,
				8E4D3602143C0AFE00CB57D7 /* about_title.png */,
				8E4D3603143C0AFE00CB57D7 /* about_title@2x.png */,
				8E4D3604143C0AFE00CB57D7 /* About-Help-Back-Tap.png */,
				8E4D3605143C0AFE00CB57D7 /* About-Help-Back-Tap@2x.png */,
				8E4D3606143C0AFE00CB57D7 /* About-Help-Back.png */,
				8E4D3607143C0AFE00CB57D7 /* About-Help-Back@2x.png */,
				8E4D3627143C0AFE00CB57D7 /* Face-Back-Tap.png */,
				8E4D3628143C0AFE00CB57D7 /* Face-Back-Tap@2x.png */,
				8E4D3629143C0AFE00CB57D7 /* Face-Back.png */,
				8E4D362A143C0AFE00CB57D7 /* Face-Back@2x.png */,
				8E4D362B143C0AFE00CB57D7 /* face.png */,
				8E4D362C143C0AFE00CB57D7 /* face@2x.png */,
				8E4D362D143C0AFE00CB57D7 /* Go_Normal.png */,
				8E4D362E143C0AFE00CB57D7 /* Go_Normal@2x.png */,
				8E4D362F143C0AFE00CB57D7 /* Go_Tap.png */,
				8E4D3630143C0AFE00CB57D7 /* Go_Tap@2x.png */,
				8E4D3631143C0AFE00CB57D7 /* Help_Normal.png */,
				8E4D3632143C0AFE00CB57D7 /* Help_Normal@2x.png */,
				8E4D3633143C0AFE00CB57D7 /* Help_Tap.png */,
				8E4D3634143C0AFE00CB57D7 /* Help_Tap@2x.png */,
				8E4D3635143C0AFE00CB57D7 /* Help_title.png */,
				8E4D3636143C0AFE00CB57D7 /* Help_title@2x.png */,
				8E4D3637143C0AFE00CB57D7 /* iHodor-Home_Blank.png */,
				8E4D3638143C0AFE00CB57D7 /* iHodor-Home_Blank@2x.png */,
				8E4D3639143C0AFE00CB57D7 /* iHodor-paper.png */,
				8E4D363A143C0AFE00CB57D7 /* iHodor-paper@2x.png */,
				8E4D363B143C0AFE00CB57D7 /* Logo-Tap.png */,
				8E4D363C143C0AFE00CB57D7 /* Logo-Tap@2x.png */,
				8E4D363D143C0AFE00CB57D7 /* Logo.png */,
				8E4D363E143C0AFE00CB57D7 /* Logo@2x.png */,
				8E4D363F143C0AFE00CB57D7 /* text.png */,
				8E4D3640143C0AFE00CB57D7 /* text@2x.png */,
			);
			name = Resources;
			sourceTree = "<group>";
		};
/* End PBXGroup section */

/* Begin PBXNativeTarget section */
		8E64E527140713D500791B7B /* Hodor */ = {
			isa = PBXNativeTarget;
			buildConfigurationList = 8E64E549140713D500791B7B /* Build configuration list for PBXNativeTarget "Hodor" */;
			buildPhases = (
				8E64E524140713D500791B7B /* Sources */,
				8E64E525140713D500791B7B /* Frameworks */,
				8E64E526140713D500791B7B /* Resources */,
			);
			buildRules = (
			);
			dependencies = (
			);
			name = Hodor;
			productName = Hodor;
			productReference = 8E64E528140713D500791B7B /* Hodor.app */;
			productType = "com.apple.product-type.application";
		};
/* End PBXNativeTarget section */

/* Begin PBXProject section */
		8E64E51F140713D400791B7B /* Project object */ = {
			isa = PBXProject;
			buildConfigurationList = 8E64E522140713D400791B7B /* Build configuration list for PBXProject "Hodor" */;
			compatibilityVersion = "Xcode 3.2";
			developmentRegion = English;
			hasScannedForEncodings = 0;
			knownRegions = (
				en,
			);
			mainGroup = 8E64E51D140713D400791B7B;
			productRefGroup = 8E64E529140713D500791B7B /* Products */;
			projectDirPath = "";
			projectRoot = "";
			targets = (
				8E64E527140713D500791B7B /* Hodor */,
			);
		};
/* End PBXProject section */

/* Begin PBXResourcesBuildPhase section */
		8E64E526140713D500791B7B /* Resources */ = {
			isa = PBXResourcesBuildPhase;
			buildActionMask = 2147483647;
			files = (
				8E64E537140713D500791B7B /* InfoPlist.strings in Resources */,
				8E64E540140713D500791B7B /* MainWindow.xib in Resources */,
				8E64E546140713D500791B7B /* HodorViewController.xib in Resources */,
				8ED897E7141C21F80026A0F4 /* AboutViewController.xib in Resources */,
				8ED897EF141C266E0026A0F4 /* HelpViewController.xib in Resources */,
				8ED89804141C2A270026A0F4 /* TalkerViewController.xib in Resources */,
				8E4D3641143C0AFE00CB57D7 /* About_Normal.png in Resources */,
				8E4D3642143C0AFE00CB57D7 /* About_Normal@2x.png in Resources */,
				8E4D3643143C0AFE00CB57D7 /* About_Tap.png in Resources */,
				8E4D3644143C0AFE00CB57D7 /* About_Tap@2x.png in Resources */,
				8E4D3645143C0AFE00CB57D7 /* about_title.png in Resources */,
				8E4D3646143C0AFE00CB57D7 /* about_title@2x.png in Resources */,
				8E4D3647143C0AFE00CB57D7 /* About-Help-Back-Tap.png in Resources */,
				8E4D3648143C0AFE00CB57D7 /* About-Help-Back-Tap@2x.png in Resources */,
				8E4D3649143C0AFE00CB57D7 /* About-Help-Back.png in Resources */,
				8E4D364A143C0AFE00CB57D7 /* About-Help-Back@2x.png in Resources */,
				8E4D3669143C0AFE00CB57D7 /* Face-Back-Tap.png in Resources */,
				8E4D366A143C0AFE00CB57D7 /* Face-Back-Tap@2x.png in Resources */,
				8E4D366B143C0AFE00CB57D7 /* Face-Back.png in Resources */,
				8E4D366C143C0AFE00CB57D7 /* Face-Back@2x.png in Resources */,
				8E4D366D143C0AFE00CB57D7 /* face.png in Resources */,
				8E4D366E143C0AFE00CB57D7 /* face@2x.png in Resources */,
				8E4D366F143C0AFE00CB57D7 /* Go_Normal.png in Resources */,
				8E4D3670143C0AFE00CB57D7 /* Go_Normal@2x.png in Resources */,
				8E4D3671143C0AFE00CB57D7 /* Go_Tap.png in Resources */,
				8E4D3672143C0AFE00CB57D7 /* Go_Tap@2x.png in Resources */,
				8E4D3673143C0AFE00CB57D7 /* Help_Normal.png in Resources */,
				8E4D3674143C0AFE00CB57D7 /* Help_Normal@2x.png in Resources */,
				8E4D3675143C0AFE00CB57D7 /* Help_Tap.png in Resources */,
				8E4D3676143C0AFE00CB57D7 /* Help_Tap@2x.png in Resources */,
				8E4D3677143C0AFE00CB57D7 /* Help_title.png in Resources */,
				8E4D3678143C0AFE00CB57D7 /* Help_title@2x.png in Resources */,
				8E4D3679143C0AFE00CB57D7 /* iHodor-Home_Blank.png in Resources */,
				8E4D367A143C0AFE00CB57D7 /* iHodor-Home_Blank@2x.png in Resources */,
				8E4D367B143C0AFE00CB57D7 /* iHodor-paper.png in Resources */,
				8E4D367C143C0AFE00CB57D7 /* iHodor-paper@2x.png in Resources */,
				8E4D367D143C0AFE00CB57D7 /* Logo-Tap.png in Resources */,
				8E4D367E143C0AFE00CB57D7 /* Logo-Tap@2x.png in Resources */,
				8E4D367F143C0AFE00CB57D7 /* Logo.png in Resources */,
				8E4D3680143C0AFE00CB57D7 /* Logo@2x.png in Resources */,
				8E4D3681143C0AFE00CB57D7 /* text.png in Resources */,
				8E4D3682143C0AFE00CB57D7 /* text@2x.png in Resources */,
				8E4D36A1143C11BC00CB57D7 /* mouth0.png in Resources */,
				8E4D36A2143C11BC00CB57D7 /* mouth0@2x.png in Resources */,
				8E4D36A3143C11BC00CB57D7 /* mouth1.png in Resources */,
				8E4D36A4143C11BC00CB57D7 /* mouth1@2x.png in Resources */,
				8E4D36A5143C11BC00CB57D7 /* mouth2.png in Resources */,
				8E4D36A6143C11BC00CB57D7 /* mouth2@2x.png in Resources */,
				8E4D36A7143C11BC00CB57D7 /* mouth3.png in Resources */,
				8E4D36A8143C11BC00CB57D7 /* mouth3@2x.png in Resources */,
				8E4D36A9143C11BC00CB57D7 /* mouth4.png in Resources */,
				8E4D36AA143C11BC00CB57D7 /* mouth4@2x.png in Resources */,
				8E4D36AB143C11BC00CB57D7 /* mouth5.png in Resources */,
				8E4D36AC143C11BC00CB57D7 /* mouth5@2x.png in Resources */,
				8E4D36AD143C11BC00CB57D7 /* mouth6.png in Resources */,
				8E4D36AE143C11BC00CB57D7 /* mouth6@2x.png in Resources */,
				8E4D36AF143C11BC00CB57D7 /* mouth7.png in Resources */,
				8E4D36B0143C11BC00CB57D7 /* mouth7@2x.png in Resources */,
				8E4D36B1143C11BC00CB57D7 /* mouth8.png in Resources */,
				8E4D36B2143C11BC00CB57D7 /* mouth8@2x.png in Resources */,
				8E4D36B3143C11BC00CB57D7 /* mouth9.png in Resources */,
				8E4D36B4143C11BC00CB57D7 /* mouth9@2x.png in Resources */,
				8E4D36B5143C11BC00CB57D7 /* mouth10.png in Resources */,
				8E4D36B6143C11BC00CB57D7 /* mouth10@2x.png in Resources */,
				8E4D36B7143C11BC00CB57D7 /* mouth11.png in Resources */,
				8E4D36B8143C11BC00CB57D7 /* mouth11@2x.png in Resources */,
				8E4D36B9143C11BC00CB57D7 /* mouth12.png in Resources */,
				8E4D36BA143C11BC00CB57D7 /* mouth12@2x.png in Resources */,
				8E4D36BB143C11BC00CB57D7 /* mouth13.png in Resources */,
				8E4D36BC143C11BC00CB57D7 /* mouth13@2x.png in Resources */,
				8E4D36BD143C11BC00CB57D7 /* mouth14.png in Resources */,
				8E4D36BE143C11BC00CB57D7 /* mouth14@2x.png in Resources */,
				8E4D36DF143C15E800CB57D7 /* icon-retina.png in Resources */,
				8E4D36E0143C15E800CB57D7 /* icon.png in Resources */,
				8E257D92143C1F480085EF3B /* Default.png in Resources */,
				8E257D93143C1F480085EF3B /* Default@2x.png in Resources */,
				8E257D9B143C1FC30085EF3B /* hodor0.mp3 in Resources */,
				8E257D9C143C1FC30085EF3B /* hodor1.mp3 in Resources */,
				8EEC10F21440D7A200556697 /* icon-retina.png in Resources */,
				8EEC10F51440D7B600556697 /* icon.png in Resources */,
			);
			runOnlyForDeploymentPostprocessing = 0;
		};
/* End PBXResourcesBuildPhase section */

/* Begin PBXSourcesBuildPhase section */
		8E64E524140713D500791B7B /* Sources */ = {
			isa = PBXSourcesBuildPhase;
			buildActionMask = 2147483647;
			files = (
				8E64E53A140713D500791B7B /* main.m in Sources */,
				8E64E53D140713D500791B7B /* HodorAppDelegate.m in Sources */,
				8E64E543140713D500791B7B /* HodorViewController.m in Sources */,
				8ED897E6141C21F80026A0F4 /* AboutViewController.m in Sources */,
				8ED897EE141C266E0026A0F4 /* HelpViewController.m in Sources */,
				8ED89803141C2A270026A0F4 /* TalkerViewController.m in Sources */,
			);
			runOnlyForDeploymentPostprocessing = 0;
		};
/* End PBXSourcesBuildPhase section */

/* Begin PBXVariantGroup section */
		8E64E535140713D500791B7B /* InfoPlist.strings */ = {
			isa = PBXVariantGroup;
			children = (
				8E64E536140713D500791B7B /* en */,
			);
			name = InfoPlist.strings;
			sourceTree = "<group>";
		};
		8E64E53E140713D500791B7B /* MainWindow.xib */ = {
			isa = PBXVariantGroup;
			children = (
				8E64E53F140713D500791B7B /* en */,
			);
			name = MainWindow.xib;
			sourceTree = "<group>";
		};
		8E64E544140713D500791B7B /* HodorViewController.xib */ = {
			isa = PBXVariantGroup;
			children = (
				8E64E545140713D500791B7B /* en */,
			);
			name = HodorViewController.xib;
			sourceTree = "<group>";
		};
/* End PBXVariantGroup section */

/* Begin XCBuildConfiguration section */
		8E64E547140713D500791B7B /* Debug */ = {
			isa = XCBuildConfiguration;
			buildSettings = {
				ARCHS = "$(ARCHS_STANDARD_32_BIT)";
				CODE_SIGN_IDENTITY = "iPhone Developer";
				"CODE_SIGN_IDENTITY[sdk=iphoneos*]" = "iPhone Developer";
				GCC_C_LANGUAGE_STANDARD = gnu99;
				GCC_OPTIMIZATION_LEVEL = 0;
				GCC_PREPROCESSOR_DEFINITIONS = DEBUG;
				GCC_SYMBOLS_PRIVATE_EXTERN = NO;
				GCC_VERSION = com.apple.compilers.llvmgcc42;
				GCC_WARN_ABOUT_RETURN_TYPE = YES;
				GCC_WARN_UNUSED_VARIABLE = YES;
				IPHONEOS_DEPLOYMENT_TARGET = 4.3;
				PROVISIONING_PROFILE = "";
				SDKROOT = iphoneos;
			};
			name = Debug;
		};
		8E64E548140713D500791B7B /* Release */ = {
			isa = XCBuildConfiguration;
			buildSettings = {
				ARCHS = "$(ARCHS_STANDARD_32_BIT)";
				CODE_SIGN_IDENTITY = "iPhone Developer";
				"CODE_SIGN_IDENTITY[sdk=iphoneos*]" = "iPhone Developer";
				GCC_C_LANGUAGE_STANDARD = gnu99;
				GCC_VERSION = com.apple.compilers.llvmgcc42;
				GCC_WARN_ABOUT_RETURN_TYPE = YES;
				GCC_WARN_UNUSED_VARIABLE = YES;
				IPHONEOS_DEPLOYMENT_TARGET = 4.3;
				OTHER_CFLAGS = "-DNS_BLOCK_ASSERTIONS=1";
				PROVISIONING_PROFILE = "";
				SDKROOT = iphoneos;
			};
			name = Release;
		};
		8E64E54A140713D500791B7B /* Debug */ = {
			isa = XCBuildConfiguration;
			buildSettings = {
				ALWAYS_SEARCH_USER_PATHS = NO;
				COPY_PHASE_STRIP = NO;
				FRAMEWORK_SEARCH_PATHS = (
					"$(inherited)",
					"\"$(SRCROOT)\"",
				);
				GCC_DYNAMIC_NO_PIC = NO;
				GCC_PRECOMPILE_PREFIX_HEADER = YES;
				GCC_PREFIX_HEADER = "Hodor/Hodor-Prefix.pch";
				INFOPLIST_FILE = "Hodor/Hodor-Info.plist";
				IPHONEOS_DEPLOYMENT_TARGET = 4.0;
				PRODUCT_NAME = "$(TARGET_NAME)";
				TARGETED_DEVICE_FAMILY = 1;
				WRAPPER_EXTENSION = app;
			};
			name = Debug;
		};
		8E64E54B140713D500791B7B /* Release */ = {
			isa = XCBuildConfiguration;
			buildSettings = {
				ALWAYS_SEARCH_USER_PATHS = NO;
				COPY_PHASE_STRIP = YES;
				FRAMEWORK_SEARCH_PATHS = (
					"$(inherited)",
					"\"$(SRCROOT)\"",
				);
				GCC_PRECOMPILE_PREFIX_HEADER = YES;
				GCC_PREFIX_HEADER = "Hodor/Hodor-Prefix.pch";
				INFOPLIST_FILE = "Hodor/Hodor-Info.plist";
				IPHONEOS_DEPLOYMENT_TARGET = 4.0;
				PRODUCT_NAME = "$(TARGET_NAME)";
				TARGETED_DEVICE_FAMILY = 1;
				VALIDATE_PRODUCT = YES;
				WRAPPER_EXTENSION = app;
			};
			name = Release;
		};
/* End XCBuildConfiguration section */

/* Begin XCConfigurationList section */
		8E64E522140713D400791B7B /* Build configuration list for PBXProject "Hodor" */ = {
			isa = XCConfigurationList;
			buildConfigurations = (
				8E64E547140713D500791B7B /* Debug */,
				8E64E548140713D500791B7B /* Release */,
			);
			defaultConfigurationIsVisible = 0;
			defaultConfigurationName = Release;
		};
		8E64E549140713D500791B7B /* Build configuration list for PBXNativeTarget "Hodor" */ = {
			isa = XCConfigurationList;
			buildConfigurations = (
				8E64E54A140713D500791B7B /* Debug */,
				8E64E54B140713D500791B7B /* Release */,
			);
			defaultConfigurationIsVisible = 0;
			defaultConfigurationName = Release;
		};
/* End XCConfigurationList section */
	};
	rootObject = 8E64E51F140713D400791B7B /* Project object */;
}
