// !$*UTF8*$!
{
	archiveVersion = 1;
	classes = {
	};
	objectVersion = 46;
	objects = {

/* Begin PBXBuildFile section */
		8E06BB57141ADD76009F32AF /* Icon.png in Resources */ = {isa = PBXBuildFile; fileRef = 8E06BB3A141ADD76009F32AF /* Icon.png */; };
		8E06BB58141ADD76009F32AF /* Icon_retina.png in Resources */ = {isa = PBXBuildFile; fileRef = 8E06BB3B141ADD76009F32AF /* Icon_retina.png */; };
		8E06BB59141ADD76009F32AF /* home_background.png in Resources */ = {isa = PBXBuildFile; fileRef = 8E06BB3C141ADD76009F32AF /* home_background.png */; };
		8E06BB5A141ADD76009F32AF /* hodor1.mp3 in Resources */ = {isa = PBXBuildFile; fileRef = 8E06BB3D141ADD76009F32AF /* hodor1.mp3 */; };
		8E06BB5B141ADD76009F32AF /* hodor0.mp3 in Resources */ = {isa = PBXBuildFile; fileRef = 8E06BB3E141ADD76009F32AF /* hodor0.mp3 */; };
		8E06BB5C141ADD76009F32AF /* hodor_background.png in Resources */ = {isa = PBXBuildFile; fileRef = 8E06BB3F141ADD76009F32AF /* hodor_background.png */; };
		8E06BB5D141ADD76009F32AF /* Help_Rollover.png in Resources */ = {isa = PBXBuildFile; fileRef = 8E06BB40141ADD76009F32AF /* Help_Rollover.png */; };
		8E06BB5E141ADD76009F32AF /* Help_Normal.png in Resources */ = {isa = PBXBuildFile; fileRef = 8E06BB41141ADD76009F32AF /* Help_Normal.png */; };
		8E06BB5F141ADD76009F32AF /* Go_Rollover.png in Resources */ = {isa = PBXBuildFile; fileRef = 8E06BB42141ADD76009F32AF /* Go_Rollover.png */; };
		8E06BB60141ADD76009F32AF /* Go_Normal.png in Resources */ = {isa = PBXBuildFile; fileRef = 8E06BB43141ADD76009F32AF /* Go_Normal.png */; };
		8E06BB61141ADD76009F32AF /* Default.png in Resources */ = {isa = PBXBuildFile; fileRef = 8E06BB44141ADD76009F32AF /* Default.png */; };
		8E06BB62141ADD76009F32AF /* mouth0.png in Resources */ = {isa = PBXBuildFile; fileRef = 8E06BB46141ADD76009F32AF /* mouth0.png */; };
		8E06BB63141ADD76009F32AF /* mouth1.png in Resources */ = {isa = PBXBuildFile; fileRef = 8E06BB47141ADD76009F32AF /* mouth1.png */; };
		8E06BB64141ADD76009F32AF /* mouth10.png in Resources */ = {isa = PBXBuildFile; fileRef = 8E06BB48141ADD76009F32AF /* mouth10.png */; };
		8E06BB65141ADD76009F32AF /* mouth11.png in Resources */ = {isa = PBXBuildFile; fileRef = 8E06BB49141ADD76009F32AF /* mouth11.png */; };
		8E06BB66141ADD76009F32AF /* mouth12.png in Resources */ = {isa = PBXBuildFile; fileRef = 8E06BB4A141ADD76009F32AF /* mouth12.png */; };
		8E06BB67141ADD76009F32AF /* mouth13.png in Resources */ = {isa = PBXBuildFile; fileRef = 8E06BB4B141ADD76009F32AF /* mouth13.png */; };
		8E06BB68141ADD76009F32AF /* mouth14.png in Resources */ = {isa = PBXBuildFile; fileRef = 8E06BB4C141ADD76009F32AF /* mouth14.png */; };
		8E06BB69141ADD76009F32AF /* mouth2.png in Resources */ = {isa = PBXBuildFile; fileRef = 8E06BB4D141ADD76009F32AF /* mouth2.png */; };
		8E06BB6A141ADD76009F32AF /* mouth3.png in Resources */ = {isa = PBXBuildFile; fileRef = 8E06BB4E141ADD76009F32AF /* mouth3.png */; };
		8E06BB6B141ADD76009F32AF /* mouth4.png in Resources */ = {isa = PBXBuildFile; fileRef = 8E06BB4F141ADD76009F32AF /* mouth4.png */; };
		8E06BB6C141ADD76009F32AF /* mouth5.png in Resources */ = {isa = PBXBuildFile; fileRef = 8E06BB50141ADD76009F32AF /* mouth5.png */; };
		8E06BB6D141ADD76009F32AF /* mouth6.png in Resources */ = {isa = PBXBuildFile; fileRef = 8E06BB51141ADD76009F32AF /* mouth6.png */; };
		8E06BB6E141ADD76009F32AF /* mouth7.png in Resources */ = {isa = PBXBuildFile; fileRef = 8E06BB52141ADD76009F32AF /* mouth7.png */; };
		8E06BB6F141ADD76009F32AF /* mouth8.png in Resources */ = {isa = PBXBuildFile; fileRef = 8E06BB53141ADD76009F32AF /* mouth8.png */; };
		8E06BB70141ADD76009F32AF /* mouth9.png in Resources */ = {isa = PBXBuildFile; fileRef = 8E06BB54141ADD76009F32AF /* mouth9.png */; };
		8E06BB71141ADD76009F32AF /* About_Rollover.png in Resources */ = {isa = PBXBuildFile; fileRef = 8E06BB55141ADD76009F32AF /* About_Rollover.png */; };
		8E06BB72141ADD76009F32AF /* About_Normal.png in Resources */ = {isa = PBXBuildFile; fileRef = 8E06BB56141ADD76009F32AF /* About_Normal.png */; };
		8E4FBEA11408668000AC8589 /* MediaPlayer.framework in Frameworks */ = {isa = PBXBuildFile; fileRef = 8E4FBEA01408668000AC8589 /* MediaPlayer.framework */; };
		8E64E52D140713D500791B7B /* UIKit.framework in Frameworks */ = {isa = PBXBuildFile; fileRef = 8E64E52C140713D500791B7B /* UIKit.framework */; };
		8E64E52F140713D500791B7B /* Foundation.framework in Frameworks */ = {isa = PBXBuildFile; fileRef = 8E64E52E140713D500791B7B /* Foundation.framework */; };
		8E64E531140713D500791B7B /* CoreGraphics.framework in Frameworks */ = {isa = PBXBuildFile; fileRef = 8E64E530140713D500791B7B /* CoreGraphics.framework */; };
		8E64E537140713D500791B7B /* InfoPlist.strings in Resources */ = {isa = PBXBuildFile; fileRef = 8E64E535140713D500791B7B /* InfoPlist.strings */; };
		8E64E53A140713D500791B7B /* main.m in Sources */ = {isa = PBXBuildFile; fileRef = 8E64E539140713D500791B7B /* main.m */; };
		8E64E53D140713D500791B7B /* HodorAppDelegate.m in Sources */ = {isa = PBXBuildFile; fileRef = 8E64E53C140713D500791B7B /* HodorAppDelegate.m */; };
		8E64E540140713D500791B7B /* MainWindow.xib in Resources */ = {isa = PBXBuildFile; fileRef = 8E64E53E140713D500791B7B /* MainWindow.xib */; };
		8E64E543140713D500791B7B /* HodorViewController.m in Sources */ = {isa = PBXBuildFile; fileRef = 8E64E542140713D500791B7B /* HodorViewController.m */; };
		8E64E546140713D500791B7B /* HodorViewController.xib in Resources */ = {isa = PBXBuildFile; fileRef = 8E64E544140713D500791B7B /* HodorViewController.xib */; };
		8E64E55C14071CF400791B7B /* AVFoundation.framework in Frameworks */ = {isa = PBXBuildFile; fileRef = 8E64E55B14071CF400791B7B /* AVFoundation.framework */; };
		8ED897E6141C21F80026A0F4 /* AboutViewController.m in Sources */ = {isa = PBXBuildFile; fileRef = 8ED897E4141C21F80026A0F4 /* AboutViewController.m */; };
		8ED897E7141C21F80026A0F4 /* AboutViewController.xib in Resources */ = {isa = PBXBuildFile; fileRef = 8ED897E5141C21F80026A0F4 /* AboutViewController.xib */; };
		8ED897EA141C25860026A0F4 /* back_icon.png in Resources */ = {isa = PBXBuildFile; fileRef = 8ED897E9141C25860026A0F4 /* back_icon.png */; };
/* End PBXBuildFile section */

/* Begin PBXFileReference section */
		8E06BB3A141ADD76009F32AF /* Icon.png */ = {isa = PBXFileReference; lastKnownFileType = image.png; name = Icon.png; path = Resources/Icon.png; sourceTree = "<group>"; };
		8E06BB3B141ADD76009F32AF /* Icon_retina.png */ = {isa = PBXFileReference; lastKnownFileType = image.png; name = Icon_retina.png; path = Resources/Icon_retina.png; sourceTree = "<group>"; };
		8E06BB3C141ADD76009F32AF /* home_background.png */ = {isa = PBXFileReference; lastKnownFileType = image.png; name = home_background.png; path = Resources/home_background.png; sourceTree = "<group>"; };
		8E06BB3D141ADD76009F32AF /* hodor1.mp3 */ = {isa = PBXFileReference; lastKnownFileType = audio.mp3; name = hodor1.mp3; path = Resources/hodor1.mp3; sourceTree = "<group>"; };
		8E06BB3E141ADD76009F32AF /* hodor0.mp3 */ = {isa = PBXFileReference; lastKnownFileType = audio.mp3; name = hodor0.mp3; path = Resources/hodor0.mp3; sourceTree = "<group>"; };
		8E06BB3F141ADD76009F32AF /* hodor_background.png */ = {isa = PBXFileReference; lastKnownFileType = image.png; name = hodor_background.png; path = Resources/hodor_background.png; sourceTree = "<group>"; };
		8E06BB40141ADD76009F32AF /* Help_Rollover.png */ = {isa = PBXFileReference; lastKnownFileType = image.png; name = Help_Rollover.png; path = Resources/Help_Rollover.png; sourceTree = "<group>"; };
		8E06BB41141ADD76009F32AF /* Help_Normal.png */ = {isa = PBXFileReference; lastKnownFileType = image.png; name = Help_Normal.png; path = Resources/Help_Normal.png; sourceTree = "<group>"; };
		8E06BB42141ADD76009F32AF /* Go_Rollover.png */ = {isa = PBXFileReference; lastKnownFileType = image.png; name = Go_Rollover.png; path = Resources/Go_Rollover.png; sourceTree = "<group>"; };
		8E06BB43141ADD76009F32AF /* Go_Normal.png */ = {isa = PBXFileReference; lastKnownFileType = image.png; name = Go_Normal.png; path = Resources/Go_Normal.png; sourceTree = "<group>"; };
		8E06BB44141ADD76009F32AF /* Default.png */ = {isa = PBXFileReference; lastKnownFileType = image.png; name = Default.png; path = Resources/Default.png; sourceTree = "<group>"; };
		8E06BB46141ADD76009F32AF /* mouth0.png */ = {isa = PBXFileReference; lastKnownFileType = image.png; path = mouth0.png; sourceTree = "<group>"; };
		8E06BB47141ADD76009F32AF /* mouth1.png */ = {isa = PBXFileReference; lastKnownFileType = image.png; path = mouth1.png; sourceTree = "<group>"; };
		8E06BB48141ADD76009F32AF /* mouth10.png */ = {isa = PBXFileReference; lastKnownFileType = image.png; path = mouth10.png; sourceTree = "<group>"; };
		8E06BB49141ADD76009F32AF /* mouth11.png */ = {isa = PBXFileReference; lastKnownFileType = image.png; path = mouth11.png; sourceTree = "<group>"; };
		8E06BB4A141ADD76009F32AF /* mouth12.png */ = {isa = PBXFileReference; lastKnownFileType = image.png; path = mouth12.png; sourceTree = "<group>"; };
		8E06BB4B141ADD76009F32AF /* mouth13.png */ = {isa = PBXFileReference; lastKnownFileType = image.png; path = mouth13.png; sourceTree = "<group>"; };
		8E06BB4C141ADD76009F32AF /* mouth14.png */ = {isa = PBXFileReference; lastKnownFileType = image.png; path = mouth14.png; sourceTree = "<group>"; };
		8E06BB4D141ADD76009F32AF /* mouth2.png */ = {isa = PBXFileReference; lastKnownFileType = image.png; path = mouth2.png; sourceTree = "<group>"; };
		8E06BB4E141ADD76009F32AF /* mouth3.png */ = {isa = PBXFileReference; lastKnownFileType = image.png; path = mouth3.png; sourceTree = "<group>"; };
		8E06BB4F141ADD76009F32AF /* mouth4.png */ = {isa = PBXFileReference; lastKnownFileType = image.png; path = mouth4.png; sourceTree = "<group>"; };
		8E06BB50141ADD76009F32AF /* mouth5.png */ = {isa = PBXFileReference; lastKnownFileType = image.png; path = mouth5.png; sourceTree = "<group>"; };
		8E06BB51141ADD76009F32AF /* mouth6.png */ = {isa = PBXFileReference; lastKnownFileType = image.png; path = mouth6.png; sourceTree = "<group>"; };
		8E06BB52141ADD76009F32AF /* mouth7.png */ = {isa = PBXFileReference; lastKnownFileType = image.png; path = mouth7.png; sourceTree = "<group>"; };
		8E06BB53141ADD76009F32AF /* mouth8.png */ = {isa = PBXFileReference; lastKnownFileType = image.png; path = mouth8.png; sourceTree = "<group>"; };
		8E06BB54141ADD76009F32AF /* mouth9.png */ = {isa = PBXFileReference; lastKnownFileType = image.png; path = mouth9.png; sourceTree = "<group>"; };
		8E06BB55141ADD76009F32AF /* About_Rollover.png */ = {isa = PBXFileReference; lastKnownFileType = image.png; name = About_Rollover.png; path = Resources/About_Rollover.png; sourceTree = "<group>"; };
		8E06BB56141ADD76009F32AF /* About_Normal.png */ = {isa = PBXFileReference; lastKnownFileType = image.png; name = About_Normal.png; path = Resources/About_Normal.png; sourceTree = "<group>"; };
		8E4FBEA01408668000AC8589 /* MediaPlayer.framework */ = {isa = PBXFileReference; lastKnownFileType = wrapper.framework; name = MediaPlayer.framework; path = System/Library/Frameworks/MediaPlayer.framework; sourceTree = SDKROOT; };
		8E64E528140713D500791B7B /* Hodor.app */ = {isa = PBXFileReference; explicitFileType = wrapper.application; includeInIndex = 0; path = Hodor.app; sourceTree = BUILT_PRODUCTS_DIR; };
		8E64E52C140713D500791B7B /* UIKit.framework */ = {isa = PBXFileReference; lastKnownFileType = wrapper.framework; name = UIKit.framework; path = System/Library/Frameworks/UIKit.framework; sourceTree = SDKROOT; };
		8E64E52E140713D500791B7B /* Foundation.framework */ = {isa = PBXFileReference; lastKnownFileType = wrapper.framework; name = Foundation.framework; path = System/Library/Frameworks/Foundation.framework; sourceTree = SDKROOT; };
		8E64E530140713D500791B7B /* CoreGraphics.framework */ = {isa = PBXFileReference; lastKnownFileType = wrapper.framework; name = CoreGraphics.framework; path = System/Library/Frameworks/CoreGraphics.framework; sourceTree = SDKROOT; };
		8E64E534140713D500791B7B /* Hodor-Info.plist */ = {isa = PBXFileReference; lastKnownFileType = text.plist.xml; path = "Hodor-Info.plist"; sourceTree = "<group>"; };
		8E64E536140713D500791B7B /* en */ = {isa = PBXFileReference; lastKnownFileType = text.plist.strings; name = en; path = en.lproj/InfoPlist.strings; sourceTree = "<group>"; };
		8E64E538140713D500791B7B /* Hodor-Prefix.pch */ = {isa = PBXFileReference; lastKnownFileType = sourcecode.c.h; path = "Hodor-Prefix.pch"; sourceTree = "<group>"; };
		8E64E539140713D500791B7B /* main.m */ = {isa = PBXFileReference; lastKnownFileType = sourcecode.c.objc; path = main.m; sourceTree = "<group>"; };
		8E64E53B140713D500791B7B /* HodorAppDelegate.h */ = {isa = PBXFileReference; lastKnownFileType = sourcecode.c.h; path = HodorAppDelegate.h; sourceTree = "<group>"; };
		8E64E53C140713D500791B7B /* HodorAppDelegate.m */ = {isa = PBXFileReference; lastKnownFileType = sourcecode.c.objc; path = HodorAppDelegate.m; sourceTree = "<group>"; };
		8E64E53F140713D500791B7B /* en */ = {isa = PBXFileReference; lastKnownFileType = file.xib; name = en; path = en.lproj/MainWindow.xib; sourceTree = "<group>"; };
		8E64E541140713D500791B7B /* HodorViewController.h */ = {isa = PBXFileReference; lastKnownFileType = sourcecode.c.h; path = HodorViewController.h; sourceTree = "<group>"; };
		8E64E542140713D500791B7B /* HodorViewController.m */ = {isa = PBXFileReference; lastKnownFileType = sourcecode.c.objc; path = HodorViewController.m; sourceTree = "<group>"; };
		8E64E545140713D500791B7B /* en */ = {isa = PBXFileReference; lastKnownFileType = file.xib; name = en; path = en.lproj/HodorViewController.xib; sourceTree = "<group>"; };
		8E64E55B14071CF400791B7B /* AVFoundation.framework */ = {isa = PBXFileReference; lastKnownFileType = wrapper.framework; name = AVFoundation.framework; path = System/Library/Frameworks/AVFoundation.framework; sourceTree = SDKROOT; };
		8ED897E3141C21F80026A0F4 /* AboutViewController.h */ = {isa = PBXFileReference; fileEncoding = 4; lastKnownFileType = sourcecode.c.h; path = AboutViewController.h; sourceTree = "<group>"; };
		8ED897E4141C21F80026A0F4 /* AboutViewController.m */ = {isa = PBXFileReference; fileEncoding = 4; lastKnownFileType = sourcecode.c.objc; path = AboutViewController.m; sourceTree = "<group>"; };
		8ED897E5141C21F80026A0F4 /* AboutViewController.xib */ = {isa = PBXFileReference; fileEncoding = 4; lastKnownFileType = file.xib; path = AboutViewController.xib; sourceTree = "<group>"; };
		8ED897E9141C25860026A0F4 /* back_icon.png */ = {isa = PBXFileReference; lastKnownFileType = image.png; name = back_icon.png; path = Resources/back_icon.png; sourceTree = "<group>"; };
/* End PBXFileReference section */

/* Begin PBXFrameworksBuildPhase section */
		8E64E525140713D500791B7B /* Frameworks */ = {
			isa = PBXFrameworksBuildPhase;
			buildActionMask = 2147483647;
			files = (
				8E4FBEA11408668000AC8589 /* MediaPlayer.framework in Frameworks */,
				8E64E55C14071CF400791B7B /* AVFoundation.framework in Frameworks */,
				8E64E52D140713D500791B7B /* UIKit.framework in Frameworks */,
				8E64E52F140713D500791B7B /* Foundation.framework in Frameworks */,
				8E64E531140713D500791B7B /* CoreGraphics.framework in Frameworks */,
			);
			runOnlyForDeploymentPostprocessing = 0;
		};
/* End PBXFrameworksBuildPhase section */

/* Begin PBXGroup section */
		8E06BB45141ADD76009F32AF /* animation */ = {
			isa = PBXGroup;
			children = (
				8E06BB46141ADD76009F32AF /* mouth0.png */,
				8E06BB47141ADD76009F32AF /* mouth1.png */,
				8E06BB48141ADD76009F32AF /* mouth10.png */,
				8E06BB49141ADD76009F32AF /* mouth11.png */,
				8E06BB4A141ADD76009F32AF /* mouth12.png */,
				8E06BB4B141ADD76009F32AF /* mouth13.png */,
				8E06BB4C141ADD76009F32AF /* mouth14.png */,
				8E06BB4D141ADD76009F32AF /* mouth2.png */,
				8E06BB4E141ADD76009F32AF /* mouth3.png */,
				8E06BB4F141ADD76009F32AF /* mouth4.png */,
				8E06BB50141ADD76009F32AF /* mouth5.png */,
				8E06BB51141ADD76009F32AF /* mouth6.png */,
				8E06BB52141ADD76009F32AF /* mouth7.png */,
				8E06BB53141ADD76009F32AF /* mouth8.png */,
				8E06BB54141ADD76009F32AF /* mouth9.png */,
			);
			name = animation;
			path = Resources/animation;
			sourceTree = "<group>";
		};
		8E64E51D140713D400791B7B = {
			isa = PBXGroup;
			children = (
				8E64E532140713D500791B7B /* Hodor */,
				8E64E52B140713D500791B7B /* Frameworks */,
				8E64E529140713D500791B7B /* Products */,
			);
			sourceTree = "<group>";
		};
		8E64E529140713D500791B7B /* Products */ = {
			isa = PBXGroup;
			children = (
				8E64E528140713D500791B7B /* Hodor.app */,
			);
			name = Products;
			sourceTree = "<group>";
		};
		8E64E52B140713D500791B7B /* Frameworks */ = {
			isa = PBXGroup;
			children = (
				8E4FBEA01408668000AC8589 /* MediaPlayer.framework */,
				8E64E55B14071CF400791B7B /* AVFoundation.framework */,
				8E64E52C140713D500791B7B /* UIKit.framework */,
				8E64E52E140713D500791B7B /* Foundation.framework */,
				8E64E530140713D500791B7B /* CoreGraphics.framework */,
			);
			name = Frameworks;
			sourceTree = "<group>";
		};
		8E64E532140713D500791B7B /* Hodor */ = {
			isa = PBXGroup;
			children = (
				8E64E53B140713D500791B7B /* HodorAppDelegate.h */,
				8E64E53C140713D500791B7B /* HodorAppDelegate.m */,
				8E64E53E140713D500791B7B /* MainWindow.xib */,
				8E64E541140713D500791B7B /* HodorViewController.h */,
				8E64E542140713D500791B7B /* HodorViewController.m */,
				8E64E544140713D500791B7B /* HodorViewController.xib */,
				8ED897E3141C21F80026A0F4 /* AboutViewController.h */,
				8ED897E4141C21F80026A0F4 /* AboutViewController.m */,
				8ED897E5141C21F80026A0F4 /* AboutViewController.xib */,
				8E64E54C140714E500791B7B /* Resources */,
				8E64E533140713D500791B7B /* Supporting Files */,
			);
			path = Hodor;
			sourceTree = "<group>";
		};
		8E64E533140713D500791B7B /* Supporting Files */ = {
			isa = PBXGroup;
			children = (
				8E64E534140713D500791B7B /* Hodor-Info.plist */,
				8E64E535140713D500791B7B /* InfoPlist.strings */,
				8E64E538140713D500791B7B /* Hodor-Prefix.pch */,
				8E64E539140713D500791B7B /* main.m */,
			);
			name = "Supporting Files";
			sourceTree = "<group>";
		};
		8E64E54C140714E500791B7B /* Resources */ = {
			isa = PBXGroup;
			children = (
				8ED897E9141C25860026A0F4 /* back_icon.png */,
				8E06BB3A141ADD76009F32AF /* Icon.png */,
				8E06BB3B141ADD76009F32AF /* Icon_retina.png */,
				8E06BB3C141ADD76009F32AF /* home_background.png */,
				8E06BB3D141ADD76009F32AF /* hodor1.mp3 */,
				8E06BB3E141ADD76009F32AF /* hodor0.mp3 */,
				8E06BB3F141ADD76009F32AF /* hodor_background.png */,
				8E06BB40141ADD76009F32AF /* Help_Rollover.png */,
				8E06BB41141ADD76009F32AF /* Help_Normal.png */,
				8E06BB42141ADD76009F32AF /* Go_Rollover.png */,
				8E06BB43141ADD76009F32AF /* Go_Normal.png */,
				8E06BB44141ADD76009F32AF /* Default.png */,
				8E06BB45141ADD76009F32AF /* animation */,
				8E06BB55141ADD76009F32AF /* About_Rollover.png */,
				8E06BB56141ADD76009F32AF /* About_Normal.png */,
			);
			name = Resources;
			sourceTree = "<group>";
		};
/* End PBXGroup section */

/* Begin PBXNativeTarget section */
		8E64E527140713D500791B7B /* Hodor */ = {
			isa = PBXNativeTarget;
			buildConfigurationList = 8E64E549140713D500791B7B /* Build configuration list for PBXNativeTarget "Hodor" */;
			buildPhases = (
				8E64E524140713D500791B7B /* Sources */,
				8E64E525140713D500791B7B /* Frameworks */,
				8E64E526140713D500791B7B /* Resources */,
			);
			buildRules = (
			);
			dependencies = (
			);
			name = Hodor;
			productName = Hodor;
			productReference = 8E64E528140713D500791B7B /* Hodor.app */;
			productType = "com.apple.product-type.application";
		};
/* End PBXNativeTarget section */

/* Begin PBXProject section */
		8E64E51F140713D400791B7B /* Project object */ = {
			isa = PBXProject;
			buildConfigurationList = 8E64E522140713D400791B7B /* Build configuration list for PBXProject "Hodor" */;
			compatibilityVersion = "Xcode 3.2";
			developmentRegion = English;
			hasScannedForEncodings = 0;
			knownRegions = (
				en,
			);
			mainGroup = 8E64E51D140713D400791B7B;
			productRefGroup = 8E64E529140713D500791B7B /* Products */;
			projectDirPath = "";
			projectRoot = "";
			targets = (
				8E64E527140713D500791B7B /* Hodor */,
			);
		};
/* End PBXProject section */

/* Begin PBXResourcesBuildPhase section */
		8E64E526140713D500791B7B /* Resources */ = {
			isa = PBXResourcesBuildPhase;
			buildActionMask = 2147483647;
			files = (
				8E64E537140713D500791B7B /* InfoPlist.strings in Resources */,
				8E64E540140713D500791B7B /* MainWindow.xib in Resources */,
				8E64E546140713D500791B7B /* HodorViewController.xib in Resources */,
				8E06BB57141ADD76009F32AF /* Icon.png in Resources */,
				8E06BB58141ADD76009F32AF /* Icon_retina.png in Resources */,
				8E06BB59141ADD76009F32AF /* home_background.png in Resources */,
				8E06BB5A141ADD76009F32AF /* hodor1.mp3 in Resources */,
				8E06BB5B141ADD76009F32AF /* hodor0.mp3 in Resources */,
				8E06BB5C141ADD76009F32AF /* hodor_background.png in Resources */,
				8E06BB5D141ADD76009F32AF /* Help_Rollover.png in Resources */,
				8E06BB5E141ADD76009F32AF /* Help_Normal.png in Resources */,
				8E06BB5F141ADD76009F32AF /* Go_Rollover.png in Resources */,
				8E06BB60141ADD76009F32AF /* Go_Normal.png in Resources */,
				8E06BB61141ADD76009F32AF /* Default.png in Resources */,
				8E06BB62141ADD76009F32AF /* mouth0.png in Resources */,
				8E06BB63141ADD76009F32AF /* mouth1.png in Resources */,
				8E06BB64141ADD76009F32AF /* mouth10.png in Resources */,
				8E06BB65141ADD76009F32AF /* mouth11.png in Resources */,
				8E06BB66141ADD76009F32AF /* mouth12.png in Resources */,
				8E06BB67141ADD76009F32AF /* mouth13.png in Resources */,
				8E06BB68141ADD76009F32AF /* mouth14.png in Resources */,
				8E06BB69141ADD76009F32AF /* mouth2.png in Resources */,
				8E06BB6A141ADD76009F32AF /* mouth3.png in Resources */,
				8E06BB6B141ADD76009F32AF /* mouth4.png in Resources */,
				8E06BB6C141ADD76009F32AF /* mouth5.png in Resources */,
				8E06BB6D141ADD76009F32AF /* mouth6.png in Resources */,
				8E06BB6E141ADD76009F32AF /* mouth7.png in Resources */,
				8E06BB6F141ADD76009F32AF /* mouth8.png in Resources */,
				8E06BB70141ADD76009F32AF /* mouth9.png in Resources */,
				8E06BB71141ADD76009F32AF /* About_Rollover.png in Resources */,
				8E06BB72141ADD76009F32AF /* About_Normal.png in Resources */,
				8ED897E7141C21F80026A0F4 /* AboutViewController.xib in Resources */,
				8ED897EA141C25860026A0F4 /* back_icon.png in Resources */,
			);
			runOnlyForDeploymentPostprocessing = 0;
		};
/* End PBXResourcesBuildPhase section */

/* Begin PBXSourcesBuildPhase section */
		8E64E524140713D500791B7B /* Sources */ = {
			isa = PBXSourcesBuildPhase;
			buildActionMask = 2147483647;
			files = (
				8E64E53A140713D500791B7B /* main.m in Sources */,
				8E64E53D140713D500791B7B /* HodorAppDelegate.m in Sources */,
				8E64E543140713D500791B7B /* HodorViewController.m in Sources */,
				8ED897E6141C21F80026A0F4 /* AboutViewController.m in Sources */,
			);
			runOnlyForDeploymentPostprocessing = 0;
		};
/* End PBXSourcesBuildPhase section */

/* Begin PBXVariantGroup section */
		8E64E535140713D500791B7B /* InfoPlist.strings */ = {
			isa = PBXVariantGroup;
			children = (
				8E64E536140713D500791B7B /* en */,
			);
			name = InfoPlist.strings;
			sourceTree = "<group>";
		};
		8E64E53E140713D500791B7B /* MainWindow.xib */ = {
			isa = PBXVariantGroup;
			children = (
				8E64E53F140713D500791B7B /* en */,
			);
			name = MainWindow.xib;
			sourceTree = "<group>";
		};
		8E64E544140713D500791B7B /* HodorViewController.xib */ = {
			isa = PBXVariantGroup;
			children = (
				8E64E545140713D500791B7B /* en */,
			);
			name = HodorViewController.xib;
			sourceTree = "<group>";
		};
/* End PBXVariantGroup section */

/* Begin XCBuildConfiguration section */
		8E64E547140713D500791B7B /* Debug */ = {
			isa = XCBuildConfiguration;
			buildSettings = {
				ARCHS = "$(ARCHS_STANDARD_32_BIT)";
				CODE_SIGN_IDENTITY = "iPhone Developer";
				"CODE_SIGN_IDENTITY[sdk=iphoneos*]" = "iPhone Developer";
				GCC_C_LANGUAGE_STANDARD = gnu99;
				GCC_OPTIMIZATION_LEVEL = 0;
				GCC_PREPROCESSOR_DEFINITIONS = DEBUG;
				GCC_SYMBOLS_PRIVATE_EXTERN = NO;
				GCC_VERSION = com.apple.compilers.llvmgcc42;
				GCC_WARN_ABOUT_RETURN_TYPE = YES;
				GCC_WARN_UNUSED_VARIABLE = YES;
				IPHONEOS_DEPLOYMENT_TARGET = 4.3;
				PROVISIONING_PROFILE = "";
				SDKROOT = iphoneos;
			};
			name = Debug;
		};
		8E64E548140713D500791B7B /* Release */ = {
			isa = XCBuildConfiguration;
			buildSettings = {
				ARCHS = "$(ARCHS_STANDARD_32_BIT)";
				CODE_SIGN_IDENTITY = "iPhone Developer";
				"CODE_SIGN_IDENTITY[sdk=iphoneos*]" = "iPhone Developer";
				GCC_C_LANGUAGE_STANDARD = gnu99;
				GCC_VERSION = com.apple.compilers.llvmgcc42;
				GCC_WARN_ABOUT_RETURN_TYPE = YES;
				GCC_WARN_UNUSED_VARIABLE = YES;
				IPHONEOS_DEPLOYMENT_TARGET = 4.3;
				OTHER_CFLAGS = "-DNS_BLOCK_ASSERTIONS=1";
				PROVISIONING_PROFILE = "";
				SDKROOT = iphoneos;
			};
			name = Release;
		};
		8E64E54A140713D500791B7B /* Debug */ = {
			isa = XCBuildConfiguration;
			buildSettings = {
				ALWAYS_SEARCH_USER_PATHS = NO;
				COPY_PHASE_STRIP = NO;
				FRAMEWORK_SEARCH_PATHS = (
					"$(inherited)",
					"\"$(SRCROOT)\"",
				);
				GCC_DYNAMIC_NO_PIC = NO;
				GCC_PRECOMPILE_PREFIX_HEADER = YES;
				GCC_PREFIX_HEADER = "Hodor/Hodor-Prefix.pch";
				INFOPLIST_FILE = "Hodor/Hodor-Info.plist";
				IPHONEOS_DEPLOYMENT_TARGET = 4.0;
				PRODUCT_NAME = "$(TARGET_NAME)";
				TARGETED_DEVICE_FAMILY = 1;
				WRAPPER_EXTENSION = app;
			};
			name = Debug;
		};
		8E64E54B140713D500791B7B /* Release */ = {
			isa = XCBuildConfiguration;
			buildSettings = {
				ALWAYS_SEARCH_USER_PATHS = NO;
				COPY_PHASE_STRIP = YES;
				FRAMEWORK_SEARCH_PATHS = (
					"$(inherited)",
					"\"$(SRCROOT)\"",
				);
				GCC_PRECOMPILE_PREFIX_HEADER = YES;
				GCC_PREFIX_HEADER = "Hodor/Hodor-Prefix.pch";
				INFOPLIST_FILE = "Hodor/Hodor-Info.plist";
				IPHONEOS_DEPLOYMENT_TARGET = 4.0;
				PRODUCT_NAME = "$(TARGET_NAME)";
				TARGETED_DEVICE_FAMILY = 1;
				VALIDATE_PRODUCT = YES;
				WRAPPER_EXTENSION = app;
			};
			name = Release;
		};
/* End XCBuildConfiguration section */

/* Begin XCConfigurationList section */
		8E64E522140713D400791B7B /* Build configuration list for PBXProject "Hodor" */ = {
			isa = XCConfigurationList;
			buildConfigurations = (
				8E64E547140713D500791B7B /* Debug */,
				8E64E548140713D500791B7B /* Release */,
			);
			defaultConfigurationIsVisible = 0;
			defaultConfigurationName = Release;
		};
		8E64E549140713D500791B7B /* Build configuration list for PBXNativeTarget "Hodor" */ = {
			isa = XCConfigurationList;
			buildConfigurations = (
				8E64E54A140713D500791B7B /* Debug */,
				8E64E54B140713D500791B7B /* Release */,
			);
			defaultConfigurationIsVisible = 0;
			defaultConfigurationName = Release;
		};
/* End XCConfigurationList section */
	};
	rootObject = 8E64E51F140713D400791B7B /* Project object */;
}
